// !$*UTF8*$!
{
	archiveVersion = 1;
	classes = {
	};
	objectVersion = 52;
	objects = {

/* Begin PBXBuildFile section */
		4403DA58180C99CE29B75292 /* Pods_Discreet_DMLTests.framework in Frameworks */ = {isa = PBXBuildFile; fileRef = 0BDFAECCF0D7C93E76CC9572 /* Pods_Discreet_DMLTests.framework */; };
		E4058A7323D6A0FD00F8C03D /* MPSHandler.swift in Sources */ = {isa = PBXBuildFile; fileRef = E4058A7223D6A0FD00F8C03D /* MPSHandler.swift */; };
		E409790523A0A3A000F51C42 /* Discreet_DML.framework in Frameworks */ = {isa = PBXBuildFile; fileRef = E40978FB23A0A39F00F51C42 /* Discreet_DML.framework */; };
		E409790C23A0A3A000F51C42 /* Discreet_DML.h in Headers */ = {isa = PBXBuildFile; fileRef = E40978FE23A0A39F00F51C42 /* Discreet_DML.h */; settings = {ATTRIBUTES = (Public, ); }; };
		E40F614323CFEAA7009639CF /* WeightsProcessorTests.swift in Sources */ = {isa = PBXBuildFile; fileRef = E40F614223CFEAA7009639CF /* WeightsProcessorTests.swift */; };
		E41B26DA23EA367A0095C1CD /* old_simple_weights in Resources */ = {isa = PBXBuildFile; fileRef = E41B26D623EA36790095C1CD /* old_simple_weights */; };
		E41B26DB23EA367A0095C1CD /* new_complex_weights in Resources */ = {isa = PBXBuildFile; fileRef = E41B26D723EA367A0095C1CD /* new_complex_weights */; };
		E41B26DC23EA367A0095C1CD /* new_simple_weights in Resources */ = {isa = PBXBuildFile; fileRef = E41B26D823EA367A0095C1CD /* new_simple_weights */; };
		E41B26DD23EA367A0095C1CD /* old_complex_weights in Resources */ = {isa = PBXBuildFile; fileRef = E41B26D923EA367A0095C1CD /* old_complex_weights */; };
		E41B26F123ED00DD0095C1CD /* my_model.mlmodel in Sources */ = {isa = PBXBuildFile; fileRef = E41B26F023ED00DC0095C1CD /* my_model.mlmodel */; };
		E41D7BD923E0E34300D58478 /* DataEntry.swift in Sources */ = {isa = PBXBuildFile; fileRef = E41D7BD823E0E34300D58478 /* DataEntry.swift */; };
		E41D7BE523E12B6E00D58478 /* ModelLoader.swift in Sources */ = {isa = PBXBuildFile; fileRef = E41D7BE423E12B6E00D58478 /* ModelLoader.swift */; };
		E41D7BE723E12BBB00D58478 /* MLMultiArrayUtils.swift in Sources */ = {isa = PBXBuildFile; fileRef = E41D7BE623E12BBB00D58478 /* MLMultiArrayUtils.swift */; };
		E41D7BEE23E13C5500D58478 /* BatchProvider.swift in Sources */ = {isa = PBXBuildFile; fileRef = E41D7BED23E13C5500D58478 /* BatchProvider.swift */; };
		E41D7C0423E2489D00D58478 /* TrainingInput.swift in Sources */ = {isa = PBXBuildFile; fileRef = E41D7C0323E2489D00D58478 /* TrainingInput.swift */; };
		E41D7C0823E26EE200D58478 /* MetadataEntry.swift in Sources */ = {isa = PBXBuildFile; fileRef = E41D7C0723E26EE200D58478 /* MetadataEntry.swift */; };
		E41D7C0A23E2871900D58478 /* ModelLoaderTests.swift in Sources */ = {isa = PBXBuildFile; fileRef = E41D7C0923E2871900D58478 /* ModelLoaderTests.swift */; };
		E42C76E723E8DC2A0003F638 /* Orchestrator.swift in Sources */ = {isa = PBXBuildFile; fileRef = E42C76E623E8DC2A0003F638 /* Orchestrator.swift */; };
		E42C76E923E8DCD20003F638 /* IntegrationTests.swift in Sources */ = {isa = PBXBuildFile; fileRef = E42C76E823E8DCD20003F638 /* IntegrationTests.swift */; };
		E42C76EC23E8E8F00003F638 /* DummyOrchestrator.swift in Sources */ = {isa = PBXBuildFile; fileRef = E42C76EB23E8E8F00003F638 /* DummyOrchestrator.swift */; };
		E42C76EE23E8F73E0003F638 /* Errors.swift in Sources */ = {isa = PBXBuildFile; fileRef = E42C76ED23E8F73E0003F638 /* Errors.swift */; };
		E44F577223D3027500FE0619 /* Utils.swift in Sources */ = {isa = PBXBuildFile; fileRef = E44F577123D3027400FE0619 /* Utils.swift */; };
		E45288FE23E383A9003F422A /* CoreMLClientTests.swift in Sources */ = {isa = PBXBuildFile; fileRef = E45288FD23E383A9003F422A /* CoreMLClientTests.swift */; };
		E468506523E5415100D3D689 /* DummyRealmClient.swift in Sources */ = {isa = PBXBuildFile; fileRef = E468506423E5415100D3D689 /* DummyRealmClient.swift */; };
		E468506723E5424300D3D689 /* DummyCommunicationManager.swift in Sources */ = {isa = PBXBuildFile; fileRef = E468506623E5424300D3D689 /* DummyCommunicationManager.swift */; };
		E468506923E5428200D3D689 /* DummyWeightsProcessor.swift in Sources */ = {isa = PBXBuildFile; fileRef = E468506823E5428200D3D689 /* DummyWeightsProcessor.swift */; };
		E468506B23E542B600D3D689 /* DummyModelLoader.swift in Sources */ = {isa = PBXBuildFile; fileRef = E468506A23E542B600D3D689 /* DummyModelLoader.swift */; };
		E468506E23E5440500D3D689 /* DummyCoreMLClient.swift in Sources */ = {isa = PBXBuildFile; fileRef = E468506D23E5440500D3D689 /* DummyCoreMLClient.swift */; };
		E468507023E5449C00D3D689 /* ImageUtils.swift in Sources */ = {isa = PBXBuildFile; fileRef = E468506F23E5449C00D3D689 /* ImageUtils.swift */; };
		E468507223E5498C00D3D689 /* CoreMLUtils.swift in Sources */ = {isa = PBXBuildFile; fileRef = E468507123E5498C00D3D689 /* CoreMLUtils.swift */; };
		E476E5CE23ED0562008B8D8A /* mnist in Resources */ = {isa = PBXBuildFile; fileRef = E476E5CD23ED0562008B8D8A /* mnist */; };
		E49BDD5323D689A400A954FE /* TestingUtils.swift in Sources */ = {isa = PBXBuildFile; fileRef = E49BDD5223D689A400A954FE /* TestingUtils.swift */; };
		E4BA35ED23AB100000F81825 /* WeightsProcessor.swift in Sources */ = {isa = PBXBuildFile; fileRef = E4BA35EC23AB100000F81825 /* WeightsProcessor.swift */; };
		E4BA35F123AB187000F81825 /* BinaryUtils.swift in Sources */ = {isa = PBXBuildFile; fileRef = E4BA35F023AB187000F81825 /* BinaryUtils.swift */; };
		E4D72E2123DF8C8900BE3B75 /* DMLJob.swift in Sources */ = {isa = PBXBuildFile; fileRef = E4D72E2023DF8C8900BE3B75 /* DMLJob.swift */; };
		E4D72E2323DF8D4F00BE3B75 /* CoreMLClient.swift in Sources */ = {isa = PBXBuildFile; fileRef = E4D72E2223DF8D4F00BE3B75 /* CoreMLClient.swift */; };
		E4D72E3323DF9E0A00BE3B75 /* CommunicationManager.swift in Sources */ = {isa = PBXBuildFile; fileRef = E4D72E3223DF9E0A00BE3B75 /* CommunicationManager.swift */; };
		E4D72E3823DF9E7800BE3B75 /* CommunicationManagerTests.swift in Sources */ = {isa = PBXBuildFile; fileRef = E4D72E3723DF9E7800BE3B75 /* CommunicationManagerTests.swift */; };
		E4D72E3F23DFA7CE00BE3B75 /* RealmClient.swift in Sources */ = {isa = PBXBuildFile; fileRef = E4D72E3E23DFA7CE00BE3B75 /* RealmClient.swift */; };
		E4D72E4323DFA7ED00BE3B75 /* RealmClientTests.swift in Sources */ = {isa = PBXBuildFile; fileRef = E4D72E4223DFA7ED00BE3B75 /* RealmClientTests.swift */; };
/* End PBXBuildFile section */

/* Begin PBXContainerItemProxy section */
		E409790623A0A3A000F51C42 /* PBXContainerItemProxy */ = {
			isa = PBXContainerItemProxy;
			containerPortal = E40978F223A0A39F00F51C42 /* Project object */;
			proxyType = 1;
			remoteGlobalIDString = E40978FA23A0A39F00F51C42;
			remoteInfo = "Discreet-DML";
		};
/* End PBXContainerItemProxy section */

/* Begin PBXFileReference section */
		0BDFAECCF0D7C93E76CC9572 /* Pods_Discreet_DMLTests.framework */ = {isa = PBXFileReference; explicitFileType = wrapper.framework; includeInIndex = 0; path = Pods_Discreet_DMLTests.framework; sourceTree = BUILT_PRODUCTS_DIR; };
		12AEAFF135B46365BDE0D58E /* Pods-Discreet-DMLTests.debug.xcconfig */ = {isa = PBXFileReference; includeInIndex = 1; lastKnownFileType = text.xcconfig; name = "Pods-Discreet-DMLTests.debug.xcconfig"; path = "Target Support Files/Pods-Discreet-DMLTests/Pods-Discreet-DMLTests.debug.xcconfig"; sourceTree = "<group>"; };
		4E2ED57B1C69C7748F41E354 /* Pods-Discreet-DML.debug.xcconfig */ = {isa = PBXFileReference; includeInIndex = 1; lastKnownFileType = text.xcconfig; name = "Pods-Discreet-DML.debug.xcconfig"; path = "Target Support Files/Pods-Discreet-DML/Pods-Discreet-DML.debug.xcconfig"; sourceTree = "<group>"; };
		87B6CA85E88BFB5ABFD9A053 /* Pods_Discreet_DML.framework */ = {isa = PBXFileReference; explicitFileType = wrapper.framework; includeInIndex = 0; path = Pods_Discreet_DML.framework; sourceTree = BUILT_PRODUCTS_DIR; };
		9879DB198677BE66E4B46106 /* Pods-Discreet-DMLTests.release.xcconfig */ = {isa = PBXFileReference; includeInIndex = 1; lastKnownFileType = text.xcconfig; name = "Pods-Discreet-DMLTests.release.xcconfig"; path = "Target Support Files/Pods-Discreet-DMLTests/Pods-Discreet-DMLTests.release.xcconfig"; sourceTree = "<group>"; };
		C268DCB89E882B0D098BB970 /* Pods-Discreet-DML.release.xcconfig */ = {isa = PBXFileReference; includeInIndex = 1; lastKnownFileType = text.xcconfig; name = "Pods-Discreet-DML.release.xcconfig"; path = "Target Support Files/Pods-Discreet-DML/Pods-Discreet-DML.release.xcconfig"; sourceTree = "<group>"; };
		E4058A7223D6A0FD00F8C03D /* MPSHandler.swift */ = {isa = PBXFileReference; lastKnownFileType = sourcecode.swift; path = MPSHandler.swift; sourceTree = "<group>"; };
		E40978FB23A0A39F00F51C42 /* Discreet_DML.framework */ = {isa = PBXFileReference; explicitFileType = wrapper.framework; includeInIndex = 0; path = Discreet_DML.framework; sourceTree = BUILT_PRODUCTS_DIR; };
		E40978FE23A0A39F00F51C42 /* Discreet_DML.h */ = {isa = PBXFileReference; lastKnownFileType = sourcecode.c.h; path = Discreet_DML.h; sourceTree = "<group>"; };
		E40978FF23A0A39F00F51C42 /* Info.plist */ = {isa = PBXFileReference; lastKnownFileType = text.plist.xml; path = Info.plist; sourceTree = "<group>"; };
		E409790423A0A3A000F51C42 /* Discreet-DMLTests.xctest */ = {isa = PBXFileReference; explicitFileType = wrapper.cfbundle; includeInIndex = 0; path = "Discreet-DMLTests.xctest"; sourceTree = BUILT_PRODUCTS_DIR; };
		E409790B23A0A3A000F51C42 /* Info.plist */ = {isa = PBXFileReference; lastKnownFileType = text.plist.xml; path = Info.plist; sourceTree = "<group>"; };
		E40F614223CFEAA7009639CF /* WeightsProcessorTests.swift */ = {isa = PBXFileReference; lastKnownFileType = sourcecode.swift; path = WeightsProcessorTests.swift; sourceTree = "<group>"; };
		E4155EA323F62C2700D5074D /* Pods_SceneDetector.framework */ = {isa = PBXFileReference; explicitFileType = wrapper.framework; path = Pods_SceneDetector.framework; sourceTree = BUILT_PRODUCTS_DIR; };
		E41B26D623EA36790095C1CD /* old_simple_weights */ = {isa = PBXFileReference; lastKnownFileType = file; name = old_simple_weights; path = WeightsProcessor/old_simple_weights; sourceTree = "<group>"; };
		E41B26D723EA367A0095C1CD /* new_complex_weights */ = {isa = PBXFileReference; lastKnownFileType = file; name = new_complex_weights; path = WeightsProcessor/new_complex_weights; sourceTree = "<group>"; };
		E41B26D823EA367A0095C1CD /* new_simple_weights */ = {isa = PBXFileReference; lastKnownFileType = file; name = new_simple_weights; path = WeightsProcessor/new_simple_weights; sourceTree = "<group>"; };
		E41B26D923EA367A0095C1CD /* old_complex_weights */ = {isa = PBXFileReference; lastKnownFileType = file; name = old_complex_weights; path = WeightsProcessor/old_complex_weights; sourceTree = "<group>"; };
		E41B26F023ED00DC0095C1CD /* my_model.mlmodel */ = {isa = PBXFileReference; lastKnownFileType = file.mlmodel; path = my_model.mlmodel; sourceTree = "<group>"; };
		E41D7BD823E0E34300D58478 /* DataEntry.swift */ = {isa = PBXFileReference; lastKnownFileType = sourcecode.swift; path = DataEntry.swift; sourceTree = "<group>"; };
		E41D7BE423E12B6E00D58478 /* ModelLoader.swift */ = {isa = PBXFileReference; lastKnownFileType = sourcecode.swift; path = ModelLoader.swift; sourceTree = "<group>"; };
		E41D7BE623E12BBB00D58478 /* MLMultiArrayUtils.swift */ = {isa = PBXFileReference; lastKnownFileType = sourcecode.swift; path = MLMultiArrayUtils.swift; sourceTree = "<group>"; };
		E41D7BED23E13C5500D58478 /* BatchProvider.swift */ = {isa = PBXFileReference; lastKnownFileType = sourcecode.swift; path = BatchProvider.swift; sourceTree = "<group>"; };
		E41D7C0323E2489D00D58478 /* TrainingInput.swift */ = {isa = PBXFileReference; lastKnownFileType = sourcecode.swift; path = TrainingInput.swift; sourceTree = "<group>"; };
		E41D7C0723E26EE200D58478 /* MetadataEntry.swift */ = {isa = PBXFileReference; lastKnownFileType = sourcecode.swift; path = MetadataEntry.swift; sourceTree = "<group>"; };
		E41D7C0923E2871900D58478 /* ModelLoaderTests.swift */ = {isa = PBXFileReference; lastKnownFileType = sourcecode.swift; path = ModelLoaderTests.swift; sourceTree = "<group>"; };
		E42C76E623E8DC2A0003F638 /* Orchestrator.swift */ = {isa = PBXFileReference; lastKnownFileType = sourcecode.swift; path = Orchestrator.swift; sourceTree = "<group>"; };
		E42C76E823E8DCD20003F638 /* IntegrationTests.swift */ = {isa = PBXFileReference; lastKnownFileType = sourcecode.swift; path = IntegrationTests.swift; sourceTree = "<group>"; };
		E42C76EB23E8E8F00003F638 /* DummyOrchestrator.swift */ = {isa = PBXFileReference; lastKnownFileType = sourcecode.swift; path = DummyOrchestrator.swift; sourceTree = "<group>"; };
		E42C76ED23E8F73E0003F638 /* Errors.swift */ = {isa = PBXFileReference; lastKnownFileType = sourcecode.swift; path = Errors.swift; sourceTree = "<group>"; };
		E44F577123D3027400FE0619 /* Utils.swift */ = {isa = PBXFileReference; lastKnownFileType = sourcecode.swift; path = Utils.swift; sourceTree = "<group>"; };
		E45288FD23E383A9003F422A /* CoreMLClientTests.swift */ = {isa = PBXFileReference; lastKnownFileType = sourcecode.swift; path = CoreMLClientTests.swift; sourceTree = "<group>"; };
		E468506423E5415100D3D689 /* DummyRealmClient.swift */ = {isa = PBXFileReference; lastKnownFileType = sourcecode.swift; path = DummyRealmClient.swift; sourceTree = "<group>"; };
		E468506623E5424300D3D689 /* DummyCommunicationManager.swift */ = {isa = PBXFileReference; lastKnownFileType = sourcecode.swift; path = DummyCommunicationManager.swift; sourceTree = "<group>"; };
		E468506823E5428200D3D689 /* DummyWeightsProcessor.swift */ = {isa = PBXFileReference; lastKnownFileType = sourcecode.swift; path = DummyWeightsProcessor.swift; sourceTree = "<group>"; };
		E468506A23E542B600D3D689 /* DummyModelLoader.swift */ = {isa = PBXFileReference; lastKnownFileType = sourcecode.swift; path = DummyModelLoader.swift; sourceTree = "<group>"; };
		E468506D23E5440500D3D689 /* DummyCoreMLClient.swift */ = {isa = PBXFileReference; lastKnownFileType = sourcecode.swift; path = DummyCoreMLClient.swift; sourceTree = "<group>"; };
		E468506F23E5449C00D3D689 /* ImageUtils.swift */ = {isa = PBXFileReference; lastKnownFileType = sourcecode.swift; path = ImageUtils.swift; sourceTree = "<group>"; };
		E468507123E5498C00D3D689 /* CoreMLUtils.swift */ = {isa = PBXFileReference; lastKnownFileType = sourcecode.swift; path = CoreMLUtils.swift; sourceTree = "<group>"; };
		E476E5CD23ED0562008B8D8A /* mnist */ = {isa = PBXFileReference; lastKnownFileType = folder; path = mnist; sourceTree = "<group>"; };
		E49BDD5223D689A400A954FE /* TestingUtils.swift */ = {isa = PBXFileReference; lastKnownFileType = sourcecode.swift; path = TestingUtils.swift; sourceTree = "<group>"; };
		E4BA35EC23AB100000F81825 /* WeightsProcessor.swift */ = {isa = PBXFileReference; lastKnownFileType = sourcecode.swift; path = WeightsProcessor.swift; sourceTree = "<group>"; };
		E4BA35F023AB187000F81825 /* BinaryUtils.swift */ = {isa = PBXFileReference; lastKnownFileType = sourcecode.swift; path = BinaryUtils.swift; sourceTree = "<group>"; };
		E4D72E2023DF8C8900BE3B75 /* DMLJob.swift */ = {isa = PBXFileReference; lastKnownFileType = sourcecode.swift; path = DMLJob.swift; sourceTree = "<group>"; };
		E4D72E2223DF8D4F00BE3B75 /* CoreMLClient.swift */ = {isa = PBXFileReference; lastKnownFileType = sourcecode.swift; path = CoreMLClient.swift; sourceTree = "<group>"; };
		E4D72E3223DF9E0A00BE3B75 /* CommunicationManager.swift */ = {isa = PBXFileReference; lastKnownFileType = sourcecode.swift; path = CommunicationManager.swift; sourceTree = "<group>"; };
		E4D72E3723DF9E7800BE3B75 /* CommunicationManagerTests.swift */ = {isa = PBXFileReference; lastKnownFileType = sourcecode.swift; path = CommunicationManagerTests.swift; sourceTree = "<group>"; };
		E4D72E3E23DFA7CE00BE3B75 /* RealmClient.swift */ = {isa = PBXFileReference; lastKnownFileType = sourcecode.swift; path = RealmClient.swift; sourceTree = "<group>"; };
		E4D72E4223DFA7ED00BE3B75 /* RealmClientTests.swift */ = {isa = PBXFileReference; lastKnownFileType = sourcecode.swift; path = RealmClientTests.swift; sourceTree = "<group>"; };
/* End PBXFileReference section */

/* Begin PBXFrameworksBuildPhase section */
		E40978F823A0A39F00F51C42 /* Frameworks */ = {
			isa = PBXFrameworksBuildPhase;
			buildActionMask = 2147483647;
			files = (
			);
			runOnlyForDeploymentPostprocessing = 0;
		};
		E409790123A0A3A000F51C42 /* Frameworks */ = {
			isa = PBXFrameworksBuildPhase;
			buildActionMask = 2147483647;
			files = (
				E409790523A0A3A000F51C42 /* Discreet_DML.framework in Frameworks */,
				4403DA58180C99CE29B75292 /* Pods_Discreet_DMLTests.framework in Frameworks */,
			);
			runOnlyForDeploymentPostprocessing = 0;
		};
/* End PBXFrameworksBuildPhase section */

/* Begin PBXGroup section */
		40DEAEC38CF5479E62B69B9F /* Pods */ = {
			isa = PBXGroup;
			children = (
				4E2ED57B1C69C7748F41E354 /* Pods-Discreet-DML.debug.xcconfig */,
				C268DCB89E882B0D098BB970 /* Pods-Discreet-DML.release.xcconfig */,
				12AEAFF135B46365BDE0D58E /* Pods-Discreet-DMLTests.debug.xcconfig */,
				9879DB198677BE66E4B46106 /* Pods-Discreet-DMLTests.release.xcconfig */,
			);
			path = Pods;
			sourceTree = "<group>";
		};
		E40978F123A0A39F00F51C42 = {
			isa = PBXGroup;
			children = (
				E40978FD23A0A39F00F51C42 /* Discreet-DML */,
				E409790823A0A3A000F51C42 /* Discreet-DMLTests */,
				E40978FC23A0A39F00F51C42 /* Products */,
				E4AF70E323D905B400D65376 /* Frameworks */,
				40DEAEC38CF5479E62B69B9F /* Pods */,
			);
			sourceTree = "<group>";
		};
		E40978FC23A0A39F00F51C42 /* Products */ = {
			isa = PBXGroup;
			children = (
				E40978FB23A0A39F00F51C42 /* Discreet_DML.framework */,
				E409790423A0A3A000F51C42 /* Discreet-DMLTests.xctest */,
			);
			name = Products;
			sourceTree = "<group>";
		};
		E40978FD23A0A39F00F51C42 /* Discreet-DML */ = {
			isa = PBXGroup;
			children = (
				E41D7BEC23E12E9000D58478 /* Communication Manager */,
				E41D7BEB23E12E8600D58478 /* Utils */,
				E41D7BEA23E12E5400D58478 /* RealmClient */,
				E41D7BE923E12E2500D58478 /* CoreMLClient */,
				E41D7BE823E12DB200D58478 /* WeightsProcessor */,
				E40978FE23A0A39F00F51C42 /* Discreet_DML.h */,
				E40978FF23A0A39F00F51C42 /* Info.plist */,
				E42C76E623E8DC2A0003F638 /* Orchestrator.swift */,
			);
			path = "Discreet-DML";
			sourceTree = "<group>";
		};
		E409790823A0A3A000F51C42 /* Discreet-DMLTests */ = {
			isa = PBXGroup;
			children = (
				E49BDD4823D6889D00A954FE /* TestingArtifacts */,
				E409790B23A0A3A000F51C42 /* Info.plist */,
				E40F614223CFEAA7009639CF /* WeightsProcessorTests.swift */,
				E49BDD5223D689A400A954FE /* TestingUtils.swift */,
				E4D72E3723DF9E7800BE3B75 /* CommunicationManagerTests.swift */,
				E4D72E4223DFA7ED00BE3B75 /* RealmClientTests.swift */,
				E41D7C0923E2871900D58478 /* ModelLoaderTests.swift */,
				E45288FD23E383A9003F422A /* CoreMLClientTests.swift */,
				E42C76E823E8DCD20003F638 /* IntegrationTests.swift */,
			);
			path = "Discreet-DMLTests";
			sourceTree = "<group>";
		};
		E41B26D523EA36510095C1CD /* WeightsProcessor */ = {
			isa = PBXGroup;
			children = (
				E41B26D723EA367A0095C1CD /* new_complex_weights */,
				E41B26D823EA367A0095C1CD /* new_simple_weights */,
				E41B26D923EA367A0095C1CD /* old_complex_weights */,
				E41B26D623EA36790095C1CD /* old_simple_weights */,
			);
			name = WeightsProcessor;
			sourceTree = "<group>";
		};
		E41D7BE823E12DB200D58478 /* WeightsProcessor */ = {
			isa = PBXGroup;
			children = (
				E4BA35EC23AB100000F81825 /* WeightsProcessor.swift */,
				E4BA35F023AB187000F81825 /* BinaryUtils.swift */,
				E4058A7223D6A0FD00F8C03D /* MPSHandler.swift */,
			);
			path = WeightsProcessor;
			sourceTree = "<group>";
		};
		E41D7BE923E12E2500D58478 /* CoreMLClient */ = {
			isa = PBXGroup;
			children = (
				E41D7BED23E13C5500D58478 /* BatchProvider.swift */,
				E4D72E2223DF8D4F00BE3B75 /* CoreMLClient.swift */,
				E41D7BE423E12B6E00D58478 /* ModelLoader.swift */,
				E41D7BE623E12BBB00D58478 /* MLMultiArrayUtils.swift */,
				E41D7C0323E2489D00D58478 /* TrainingInput.swift */,
			);
			path = CoreMLClient;
			sourceTree = "<group>";
		};
		E41D7BEA23E12E5400D58478 /* RealmClient */ = {
			isa = PBXGroup;
			children = (
				E4D72E3E23DFA7CE00BE3B75 /* RealmClient.swift */,
				E41D7BD823E0E34300D58478 /* DataEntry.swift */,
				E41D7C0723E26EE200D58478 /* MetadataEntry.swift */,
			);
			path = RealmClient;
			sourceTree = "<group>";
		};
		E41D7BEB23E12E8600D58478 /* Utils */ = {
			isa = PBXGroup;
			children = (
				E4D72E2023DF8C8900BE3B75 /* DMLJob.swift */,
				E44F577123D3027400FE0619 /* Utils.swift */,
				E468507123E5498C00D3D689 /* CoreMLUtils.swift */,
				E42C76ED23E8F73E0003F638 /* Errors.swift */,
			);
			path = Utils;
			sourceTree = "<group>";
		};
		E41D7BEC23E12E9000D58478 /* Communication Manager */ = {
			isa = PBXGroup;
			children = (
				E4D72E3223DF9E0A00BE3B75 /* CommunicationManager.swift */,
			);
			path = "Communication Manager";
			sourceTree = "<group>";
		};
		E41D7C0B23E37E8300D58478 /* CoreMLClient */ = {
			isa = PBXGroup;
			children = (
				E476E5CD23ED0562008B8D8A /* mnist */,
				E41B26F023ED00DC0095C1CD /* my_model.mlmodel */,
				E468506423E5415100D3D689 /* DummyRealmClient.swift */,
				E468506623E5424300D3D689 /* DummyCommunicationManager.swift */,
				E468506823E5428200D3D689 /* DummyWeightsProcessor.swift */,
				E468506A23E542B600D3D689 /* DummyModelLoader.swift */,
				E468506F23E5449C00D3D689 /* ImageUtils.swift */,
			);
			path = CoreMLClient;
			sourceTree = "<group>";
		};
		E42C76EA23E8E8DB0003F638 /* Orchestrator */ = {
			isa = PBXGroup;
			children = (
				E42C76EB23E8E8F00003F638 /* DummyOrchestrator.swift */,
			);
			path = Orchestrator;
			sourceTree = "<group>";
		};
		E468506C23E543BD00D3D689 /* CommunicationManager */ = {
			isa = PBXGroup;
			children = (
				E468506D23E5440500D3D689 /* DummyCoreMLClient.swift */,
			);
			path = CommunicationManager;
			sourceTree = "<group>";
		};
		E49BDD4823D6889D00A954FE /* TestingArtifacts */ = {
			isa = PBXGroup;
			children = (
				E41B26D523EA36510095C1CD /* WeightsProcessor */,
				E42C76EA23E8E8DB0003F638 /* Orchestrator */,
				E468506C23E543BD00D3D689 /* CommunicationManager */,
				E41D7C0B23E37E8300D58478 /* CoreMLClient */,
			);
			path = TestingArtifacts;
			sourceTree = "<group>";
		};
		E4AF70E323D905B400D65376 /* Frameworks */ = {
			isa = PBXGroup;
			children = (
				E4155EA323F62C2700D5074D /* Pods_SceneDetector.framework */,
				87B6CA85E88BFB5ABFD9A053 /* Pods_Discreet_DML.framework */,
				0BDFAECCF0D7C93E76CC9572 /* Pods_Discreet_DMLTests.framework */,
			);
			name = Frameworks;
			sourceTree = "<group>";
		};
/* End PBXGroup section */

/* Begin PBXHeadersBuildPhase section */
		E40978F623A0A39F00F51C42 /* Headers */ = {
			isa = PBXHeadersBuildPhase;
			buildActionMask = 2147483647;
			files = (
				E409790C23A0A3A000F51C42 /* Discreet_DML.h in Headers */,
			);
			runOnlyForDeploymentPostprocessing = 0;
		};
/* End PBXHeadersBuildPhase section */

/* Begin PBXNativeTarget section */
		E40978FA23A0A39F00F51C42 /* Discreet-DML */ = {
			isa = PBXNativeTarget;
			buildConfigurationList = E409790F23A0A3A000F51C42 /* Build configuration list for PBXNativeTarget "Discreet-DML" */;
			buildPhases = (
				0E3FBF682D8566C6CB40AAE4 /* [CP] Check Pods Manifest.lock */,
				E40978F623A0A39F00F51C42 /* Headers */,
				E40978F723A0A39F00F51C42 /* Sources */,
				E40978F823A0A39F00F51C42 /* Frameworks */,
				E40978F923A0A39F00F51C42 /* Resources */,
			);
			buildRules = (
			);
			dependencies = (
			);
			name = "Discreet-DML";
			productName = "Discreet-DML";
			productReference = E40978FB23A0A39F00F51C42 /* Discreet_DML.framework */;
			productType = "com.apple.product-type.framework";
		};
		E409790323A0A3A000F51C42 /* Discreet-DMLTests */ = {
			isa = PBXNativeTarget;
			buildConfigurationList = E409791223A0A3A000F51C42 /* Build configuration list for PBXNativeTarget "Discreet-DMLTests" */;
			buildPhases = (
				24CFC83EF7308321C363B8A4 /* [CP] Check Pods Manifest.lock */,
				E409790023A0A3A000F51C42 /* Sources */,
				E409790123A0A3A000F51C42 /* Frameworks */,
				E409790223A0A3A000F51C42 /* Resources */,
				B293A0786FABB60EB512B4B4 /* [CP] Embed Pods Frameworks */,
			);
			buildRules = (
			);
			dependencies = (
				E409790723A0A3A000F51C42 /* PBXTargetDependency */,
			);
			name = "Discreet-DMLTests";
			productName = "Discreet-DMLTests";
			productReference = E409790423A0A3A000F51C42 /* Discreet-DMLTests.xctest */;
			productType = "com.apple.product-type.bundle.unit-test";
		};
/* End PBXNativeTarget section */

/* Begin PBXProject section */
		E40978F223A0A39F00F51C42 /* Project object */ = {
			isa = PBXProject;
			attributes = {
				LastSwiftUpdateCheck = 1120;
				LastUpgradeCheck = 1120;
				ORGANIZATIONNAME = DiscreetAI;
				TargetAttributes = {
					E40978FA23A0A39F00F51C42 = {
						CreatedOnToolsVersion = 11.2.1;
						LastSwiftMigration = 1130;
					};
					E409790323A0A3A000F51C42 = {
						CreatedOnToolsVersion = 11.2.1;
					};
				};
			};
			buildConfigurationList = E40978F523A0A39F00F51C42 /* Build configuration list for PBXProject "Discreet-DML" */;
			compatibilityVersion = "Xcode 9.3";
			developmentRegion = en;
			hasScannedForEncodings = 0;
			knownRegions = (
				en,
				Base,
			);
			mainGroup = E40978F123A0A39F00F51C42;
			packageReferences = (
				E4BA35F223AC2CBA00F81825 /* XCRemoteSwiftPackageReference "Surge" */,
				E4D72E3423DF9E3200BE3B75 /* XCRemoteSwiftPackageReference "Starscream" */,
				E4D72E4923DFB0DE00BE3B75 /* XCRemoteSwiftPackageReference "realm-cocoa" */,
			);
			productRefGroup = E40978FC23A0A39F00F51C42 /* Products */;
			projectDirPath = "";
			projectRoot = "";
			targets = (
				E40978FA23A0A39F00F51C42 /* Discreet-DML */,
				E409790323A0A3A000F51C42 /* Discreet-DMLTests */,
			);
		};
/* End PBXProject section */

/* Begin PBXResourcesBuildPhase section */
		E40978F923A0A39F00F51C42 /* Resources */ = {
			isa = PBXResourcesBuildPhase;
			buildActionMask = 2147483647;
			files = (
			);
			runOnlyForDeploymentPostprocessing = 0;
		};
		E409790223A0A3A000F51C42 /* Resources */ = {
			isa = PBXResourcesBuildPhase;
			buildActionMask = 2147483647;
			files = (
				E476E5CE23ED0562008B8D8A /* mnist in Resources */,
				E41B26DB23EA367A0095C1CD /* new_complex_weights in Resources */,
				E41B26DD23EA367A0095C1CD /* old_complex_weights in Resources */,
				E41B26DA23EA367A0095C1CD /* old_simple_weights in Resources */,
				E41B26DC23EA367A0095C1CD /* new_simple_weights in Resources */,
			);
			runOnlyForDeploymentPostprocessing = 0;
		};
/* End PBXResourcesBuildPhase section */

/* Begin PBXShellScriptBuildPhase section */
		0E3FBF682D8566C6CB40AAE4 /* [CP] Check Pods Manifest.lock */ = {
			isa = PBXShellScriptBuildPhase;
			buildActionMask = 2147483647;
			files = (
			);
			inputFileListPaths = (
			);
			inputPaths = (
				"${PODS_PODFILE_DIR_PATH}/Podfile.lock",
				"${PODS_ROOT}/Manifest.lock",
			);
			name = "[CP] Check Pods Manifest.lock";
			outputFileListPaths = (
			);
			outputPaths = (
				"$(DERIVED_FILE_DIR)/Pods-Discreet-DML-checkManifestLockResult.txt",
			);
			runOnlyForDeploymentPostprocessing = 0;
			shellPath = /bin/sh;
			shellScript = "diff \"${PODS_PODFILE_DIR_PATH}/Podfile.lock\" \"${PODS_ROOT}/Manifest.lock\" > /dev/null\nif [ $? != 0 ] ; then\n    # print error to STDERR\n    echo \"error: The sandbox is not in sync with the Podfile.lock. Run 'pod install' or update your CocoaPods installation.\" >&2\n    exit 1\nfi\n# This output is used by Xcode 'outputs' to avoid re-running this script phase.\necho \"SUCCESS\" > \"${SCRIPT_OUTPUT_FILE_0}\"\n";
			showEnvVarsInLog = 0;
		};
		24CFC83EF7308321C363B8A4 /* [CP] Check Pods Manifest.lock */ = {
			isa = PBXShellScriptBuildPhase;
			buildActionMask = 2147483647;
			files = (
			);
			inputFileListPaths = (
			);
			inputPaths = (
				"${PODS_PODFILE_DIR_PATH}/Podfile.lock",
				"${PODS_ROOT}/Manifest.lock",
			);
			name = "[CP] Check Pods Manifest.lock";
			outputFileListPaths = (
			);
			outputPaths = (
				"$(DERIVED_FILE_DIR)/Pods-Discreet-DMLTests-checkManifestLockResult.txt",
			);
			runOnlyForDeploymentPostprocessing = 0;
			shellPath = /bin/sh;
			shellScript = "diff \"${PODS_PODFILE_DIR_PATH}/Podfile.lock\" \"${PODS_ROOT}/Manifest.lock\" > /dev/null\nif [ $? != 0 ] ; then\n    # print error to STDERR\n    echo \"error: The sandbox is not in sync with the Podfile.lock. Run 'pod install' or update your CocoaPods installation.\" >&2\n    exit 1\nfi\n# This output is used by Xcode 'outputs' to avoid re-running this script phase.\necho \"SUCCESS\" > \"${SCRIPT_OUTPUT_FILE_0}\"\n";
			showEnvVarsInLog = 0;
		};
		B293A0786FABB60EB512B4B4 /* [CP] Embed Pods Frameworks */ = {
			isa = PBXShellScriptBuildPhase;
			buildActionMask = 2147483647;
			files = (
			);
			inputFileListPaths = (
				"${PODS_ROOT}/Target Support Files/Pods-Discreet-DMLTests/Pods-Discreet-DMLTests-frameworks-${CONFIGURATION}-input-files.xcfilelist",
			);
			name = "[CP] Embed Pods Frameworks";
			outputFileListPaths = (
				"${PODS_ROOT}/Target Support Files/Pods-Discreet-DMLTests/Pods-Discreet-DMLTests-frameworks-${CONFIGURATION}-output-files.xcfilelist",
			);
			runOnlyForDeploymentPostprocessing = 0;
			shellPath = /bin/sh;
			shellScript = "\"${PODS_ROOT}/Target Support Files/Pods-Discreet-DMLTests/Pods-Discreet-DMLTests-frameworks.sh\"\n";
			showEnvVarsInLog = 0;
		};
/* End PBXShellScriptBuildPhase section */

/* Begin PBXSourcesBuildPhase section */
		E40978F723A0A39F00F51C42 /* Sources */ = {
			isa = PBXSourcesBuildPhase;
			buildActionMask = 2147483647;
			files = (
				E468507223E5498C00D3D689 /* CoreMLUtils.swift in Sources */,
				E41D7C0823E26EE200D58478 /* MetadataEntry.swift in Sources */,
				E4D72E2323DF8D4F00BE3B75 /* CoreMLClient.swift in Sources */,
				E4BA35ED23AB100000F81825 /* WeightsProcessor.swift in Sources */,
				E41D7BE523E12B6E00D58478 /* ModelLoader.swift in Sources */,
				E41D7C0423E2489D00D58478 /* TrainingInput.swift in Sources */,
				E4BA35F123AB187000F81825 /* BinaryUtils.swift in Sources */,
				E4058A7323D6A0FD00F8C03D /* MPSHandler.swift in Sources */,
				E4D72E3F23DFA7CE00BE3B75 /* RealmClient.swift in Sources */,
				E41D7BD923E0E34300D58478 /* DataEntry.swift in Sources */,
				E4D72E3323DF9E0A00BE3B75 /* CommunicationManager.swift in Sources */,
				E41D7BE723E12BBB00D58478 /* MLMultiArrayUtils.swift in Sources */,
				E44F577223D3027500FE0619 /* Utils.swift in Sources */,
				E42C76EE23E8F73E0003F638 /* Errors.swift in Sources */,
				E42C76E723E8DC2A0003F638 /* Orchestrator.swift in Sources */,
				E4D72E2123DF8C8900BE3B75 /* DMLJob.swift in Sources */,
				E41D7BEE23E13C5500D58478 /* BatchProvider.swift in Sources */,
			);
			runOnlyForDeploymentPostprocessing = 0;
		};
		E409790023A0A3A000F51C42 /* Sources */ = {
			isa = PBXSourcesBuildPhase;
			buildActionMask = 2147483647;
			files = (
				E4D72E4323DFA7ED00BE3B75 /* RealmClientTests.swift in Sources */,
				E468506923E5428200D3D689 /* DummyWeightsProcessor.swift in Sources */,
				E49BDD5323D689A400A954FE /* TestingUtils.swift in Sources */,
				E45288FE23E383A9003F422A /* CoreMLClientTests.swift in Sources */,
				E468506723E5424300D3D689 /* DummyCommunicationManager.swift in Sources */,
				E42C76E923E8DCD20003F638 /* IntegrationTests.swift in Sources */,
				E468506523E5415100D3D689 /* DummyRealmClient.swift in Sources */,
				E41D7C0A23E2871900D58478 /* ModelLoaderTests.swift in Sources */,
				E468506B23E542B600D3D689 /* DummyModelLoader.swift in Sources */,
				E468506E23E5440500D3D689 /* DummyCoreMLClient.swift in Sources */,
				E4D72E3823DF9E7800BE3B75 /* CommunicationManagerTests.swift in Sources */,
				E40F614323CFEAA7009639CF /* WeightsProcessorTests.swift in Sources */,
				E42C76EC23E8E8F00003F638 /* DummyOrchestrator.swift in Sources */,
				E41B26F123ED00DD0095C1CD /* my_model.mlmodel in Sources */,
				E468507023E5449C00D3D689 /* ImageUtils.swift in Sources */,
			);
			runOnlyForDeploymentPostprocessing = 0;
		};
/* End PBXSourcesBuildPhase section */

/* Begin PBXTargetDependency section */
		E409790723A0A3A000F51C42 /* PBXTargetDependency */ = {
			isa = PBXTargetDependency;
			target = E40978FA23A0A39F00F51C42 /* Discreet-DML */;
			targetProxy = E409790623A0A3A000F51C42 /* PBXContainerItemProxy */;
		};
/* End PBXTargetDependency section */

/* Begin XCBuildConfiguration section */
		E409790D23A0A3A000F51C42 /* Debug */ = {
			isa = XCBuildConfiguration;
			buildSettings = {
				ALWAYS_SEARCH_USER_PATHS = NO;
				CLANG_ANALYZER_NONNULL = YES;
				CLANG_ANALYZER_NUMBER_OBJECT_CONVERSION = YES_AGGRESSIVE;
				CLANG_CXX_LANGUAGE_STANDARD = "gnu++14";
				CLANG_CXX_LIBRARY = "libc++";
				CLANG_ENABLE_MODULES = YES;
				CLANG_ENABLE_OBJC_ARC = YES;
				CLANG_ENABLE_OBJC_WEAK = YES;
				CLANG_WARN_BLOCK_CAPTURE_AUTORELEASING = YES;
				CLANG_WARN_BOOL_CONVERSION = YES;
				CLANG_WARN_COMMA = YES;
				CLANG_WARN_CONSTANT_CONVERSION = YES;
				CLANG_WARN_DEPRECATED_OBJC_IMPLEMENTATIONS = YES;
				CLANG_WARN_DIRECT_OBJC_ISA_USAGE = YES_ERROR;
				CLANG_WARN_DOCUMENTATION_COMMENTS = YES;
				CLANG_WARN_EMPTY_BODY = YES;
				CLANG_WARN_ENUM_CONVERSION = YES;
				CLANG_WARN_INFINITE_RECURSION = YES;
				CLANG_WARN_INT_CONVERSION = YES;
				CLANG_WARN_NON_LITERAL_NULL_CONVERSION = YES;
				CLANG_WARN_OBJC_IMPLICIT_RETAIN_SELF = YES;
				CLANG_WARN_OBJC_LITERAL_CONVERSION = YES;
				CLANG_WARN_OBJC_ROOT_CLASS = YES_ERROR;
				CLANG_WARN_RANGE_LOOP_ANALYSIS = YES;
				CLANG_WARN_STRICT_PROTOTYPES = YES;
				CLANG_WARN_SUSPICIOUS_MOVE = YES;
				CLANG_WARN_UNGUARDED_AVAILABILITY = YES_AGGRESSIVE;
				CLANG_WARN_UNREACHABLE_CODE = YES;
				CLANG_WARN__DUPLICATE_METHOD_MATCH = YES;
				COPY_PHASE_STRIP = NO;
				CURRENT_PROJECT_VERSION = 1;
				DEBUG_INFORMATION_FORMAT = "dwarf-with-dsym";
				ENABLE_STRICT_OBJC_MSGSEND = YES;
				ENABLE_TESTABILITY = YES;
				GCC_C_LANGUAGE_STANDARD = gnu11;
				GCC_DYNAMIC_NO_PIC = NO;
				GCC_NO_COMMON_BLOCKS = YES;
				GCC_OPTIMIZATION_LEVEL = z;
				GCC_PREPROCESSOR_DEFINITIONS = (
					"DEBUG=1",
					"$(inherited)",
				);
				GCC_WARN_64_TO_32_BIT_CONVERSION = YES;
				GCC_WARN_ABOUT_RETURN_TYPE = YES_ERROR;
				GCC_WARN_UNDECLARED_SELECTOR = YES;
				GCC_WARN_UNINITIALIZED_AUTOS = YES_AGGRESSIVE;
				GCC_WARN_UNUSED_FUNCTION = YES;
				GCC_WARN_UNUSED_VARIABLE = YES;
				IPHONEOS_DEPLOYMENT_TARGET = 13.2;
				MTL_ENABLE_DEBUG_INFO = INCLUDE_SOURCE;
				MTL_FAST_MATH = YES;
				NEW_SETTING = "";
				ONLY_ACTIVE_ARCH = YES;
				SDKROOT = iphoneos;
				SWIFT_ACTIVE_COMPILATION_CONDITIONS = "";
				SWIFT_OPTIMIZATION_LEVEL = "-Onone";
				VERSIONING_SYSTEM = "apple-generic";
				VERSION_INFO_PREFIX = "";
			};
			name = Debug;
		};
		E409790E23A0A3A000F51C42 /* Release */ = {
			isa = XCBuildConfiguration;
			buildSettings = {
				ALWAYS_SEARCH_USER_PATHS = NO;
				CLANG_ANALYZER_NONNULL = YES;
				CLANG_ANALYZER_NUMBER_OBJECT_CONVERSION = YES_AGGRESSIVE;
				CLANG_CXX_LANGUAGE_STANDARD = "gnu++14";
				CLANG_CXX_LIBRARY = "libc++";
				CLANG_ENABLE_MODULES = YES;
				CLANG_ENABLE_OBJC_ARC = YES;
				CLANG_ENABLE_OBJC_WEAK = YES;
				CLANG_WARN_BLOCK_CAPTURE_AUTORELEASING = YES;
				CLANG_WARN_BOOL_CONVERSION = YES;
				CLANG_WARN_COMMA = YES;
				CLANG_WARN_CONSTANT_CONVERSION = YES;
				CLANG_WARN_DEPRECATED_OBJC_IMPLEMENTATIONS = YES;
				CLANG_WARN_DIRECT_OBJC_ISA_USAGE = YES_ERROR;
				CLANG_WARN_DOCUMENTATION_COMMENTS = YES;
				CLANG_WARN_EMPTY_BODY = YES;
				CLANG_WARN_ENUM_CONVERSION = YES;
				CLANG_WARN_INFINITE_RECURSION = YES;
				CLANG_WARN_INT_CONVERSION = YES;
				CLANG_WARN_NON_LITERAL_NULL_CONVERSION = YES;
				CLANG_WARN_OBJC_IMPLICIT_RETAIN_SELF = YES;
				CLANG_WARN_OBJC_LITERAL_CONVERSION = YES;
				CLANG_WARN_OBJC_ROOT_CLASS = YES_ERROR;
				CLANG_WARN_RANGE_LOOP_ANALYSIS = YES;
				CLANG_WARN_STRICT_PROTOTYPES = YES;
				CLANG_WARN_SUSPICIOUS_MOVE = YES;
				CLANG_WARN_UNGUARDED_AVAILABILITY = YES_AGGRESSIVE;
				CLANG_WARN_UNREACHABLE_CODE = YES;
				CLANG_WARN__DUPLICATE_METHOD_MATCH = YES;
				COPY_PHASE_STRIP = NO;
				CURRENT_PROJECT_VERSION = 1;
				DEBUG_INFORMATION_FORMAT = "dwarf-with-dsym";
				ENABLE_NS_ASSERTIONS = NO;
				ENABLE_STRICT_OBJC_MSGSEND = YES;
				GCC_C_LANGUAGE_STANDARD = gnu11;
				GCC_NO_COMMON_BLOCKS = YES;
				GCC_OPTIMIZATION_LEVEL = z;
				GCC_PREPROCESSOR_DEFINITIONS = "DEBUG=1";
				GCC_WARN_64_TO_32_BIT_CONVERSION = YES;
				GCC_WARN_ABOUT_RETURN_TYPE = YES_ERROR;
				GCC_WARN_UNDECLARED_SELECTOR = YES;
				GCC_WARN_UNINITIALIZED_AUTOS = YES_AGGRESSIVE;
				GCC_WARN_UNUSED_FUNCTION = YES;
				GCC_WARN_UNUSED_VARIABLE = YES;
				IPHONEOS_DEPLOYMENT_TARGET = 13.2;
				MTL_ENABLE_DEBUG_INFO = INCLUDE_SOURCE;
				MTL_FAST_MATH = YES;
				NEW_SETTING = "";
				ONLY_ACTIVE_ARCH = YES;
				SDKROOT = iphoneos;
				SWIFT_ACTIVE_COMPILATION_CONDITIONS = "";
				SWIFT_COMPILATION_MODE = wholemodule;
				SWIFT_OPTIMIZATION_LEVEL = "-O";
				VALIDATE_PRODUCT = YES;
				VERSIONING_SYSTEM = "apple-generic";
				VERSION_INFO_PREFIX = "";
			};
			name = Release;
		};
		E409791023A0A3A000F51C42 /* Debug */ = {
			isa = XCBuildConfiguration;
			baseConfigurationReference = 4E2ED57B1C69C7748F41E354 /* Pods-Discreet-DML.debug.xcconfig */;
			buildSettings = {
				CLANG_ENABLE_MODULES = YES;
				CODE_SIGN_STYLE = Automatic;
				DEFINES_MODULE = YES;
				DEVELOPMENT_TEAM = V8MJQ33FN9;
				DYLIB_COMPATIBILITY_VERSION = 1;
				DYLIB_CURRENT_VERSION = 1;
				DYLIB_INSTALL_NAME_BASE = "@rpath";
				INFOPLIST_FILE = "Discreet-DML/Info.plist";
				INSTALL_PATH = "$(LOCAL_LIBRARY_DIR)/Frameworks";
				IPHONEOS_DEPLOYMENT_TARGET = 13.1;
				LD_RUNPATH_SEARCH_PATHS = (
					"$(inherited)",
					"@executable_path/Frameworks",
					"@loader_path/Frameworks",
				);
				PRODUCT_BUNDLE_IDENTIFIER = "discreetai.Discreet-DML";
				PRODUCT_NAME = "$(TARGET_NAME:c99extidentifier)";
				SKIP_INSTALL = YES;
				SWIFT_OPTIMIZATION_LEVEL = "-Onone";
				SWIFT_VERSION = 5.0;
				TARGETED_DEVICE_FAMILY = "1,2";
			};
			name = Debug;
		};
		E409791123A0A3A000F51C42 /* Release */ = {
			isa = XCBuildConfiguration;
			baseConfigurationReference = C268DCB89E882B0D098BB970 /* Pods-Discreet-DML.release.xcconfig */;
			buildSettings = {
				CLANG_ENABLE_MODULES = YES;
				CODE_SIGN_STYLE = Automatic;
				DEFINES_MODULE = YES;
				DEVELOPMENT_TEAM = V8MJQ33FN9;
				DYLIB_COMPATIBILITY_VERSION = 1;
				DYLIB_CURRENT_VERSION = 1;
				DYLIB_INSTALL_NAME_BASE = "@rpath";
				INFOPLIST_FILE = "Discreet-DML/Info.plist";
				INSTALL_PATH = "$(LOCAL_LIBRARY_DIR)/Frameworks";
				IPHONEOS_DEPLOYMENT_TARGET = 13.1;
				LD_RUNPATH_SEARCH_PATHS = (
					"$(inherited)",
					"@executable_path/Frameworks",
					"@loader_path/Frameworks",
				);
				PRODUCT_BUNDLE_IDENTIFIER = "discreetai.Discreet-DML";
				PRODUCT_NAME = "$(TARGET_NAME:c99extidentifier)";
				SKIP_INSTALL = YES;
				SWIFT_VERSION = 5.0;
				TARGETED_DEVICE_FAMILY = "1,2";
			};
			name = Release;
		};
		E409791323A0A3A000F51C42 /* Debug */ = {
			isa = XCBuildConfiguration;
			baseConfigurationReference = 12AEAFF135B46365BDE0D58E /* Pods-Discreet-DMLTests.debug.xcconfig */;
			buildSettings = {
				ALWAYS_EMBED_SWIFT_STANDARD_LIBRARIES = YES;
				CODE_SIGN_STYLE = Automatic;
				DEVELOPMENT_TEAM = V8MJQ33FN9;
				INFOPLIST_FILE = "Discreet-DMLTests/Info.plist";
				LD_RUNPATH_SEARCH_PATHS = (
					"$(inherited)",
					"@executable_path/Frameworks",
					"@loader_path/Frameworks",
				);
				PRODUCT_BUNDLE_IDENTIFIER = "discreetai.Discreet-DMLTests";
				PRODUCT_NAME = "$(TARGET_NAME)";
				SWIFT_VERSION = 5.0;
				TARGETED_DEVICE_FAMILY = "1,2";
			};
			name = Debug;
		};
		E409791423A0A3A000F51C42 /* Release */ = {
			isa = XCBuildConfiguration;
			baseConfigurationReference = 9879DB198677BE66E4B46106 /* Pods-Discreet-DMLTests.release.xcconfig */;
			buildSettings = {
				ALWAYS_EMBED_SWIFT_STANDARD_LIBRARIES = YES;
				CODE_SIGN_STYLE = Automatic;
				DEVELOPMENT_TEAM = V8MJQ33FN9;
				INFOPLIST_FILE = "Discreet-DMLTests/Info.plist";
				LD_RUNPATH_SEARCH_PATHS = (
					"$(inherited)",
					"@executable_path/Frameworks",
					"@loader_path/Frameworks",
				);
				PRODUCT_BUNDLE_IDENTIFIER = "discreetai.Discreet-DMLTests";
				PRODUCT_NAME = "$(TARGET_NAME)";
				SWIFT_VERSION = 5.0;
				TARGETED_DEVICE_FAMILY = "1,2";
			};
			name = Release;
		};
/* End XCBuildConfiguration section */

/* Begin XCConfigurationList section */
		E40978F523A0A39F00F51C42 /* Build configuration list for PBXProject "Discreet-DML" */ = {
			isa = XCConfigurationList;
			buildConfigurations = (
				E409790D23A0A3A000F51C42 /* Debug */,
				E409790E23A0A3A000F51C42 /* Release */,
			);
			defaultConfigurationIsVisible = 0;
			defaultConfigurationName = Release;
		};
		E409790F23A0A3A000F51C42 /* Build configuration list for PBXNativeTarget "Discreet-DML" */ = {
			isa = XCConfigurationList;
			buildConfigurations = (
				E409791023A0A3A000F51C42 /* Debug */,
				E409791123A0A3A000F51C42 /* Release */,
			);
			defaultConfigurationIsVisible = 0;
			defaultConfigurationName = Release;
		};
		E409791223A0A3A000F51C42 /* Build configuration list for PBXNativeTarget "Discreet-DMLTests" */ = {
			isa = XCConfigurationList;
			buildConfigurations = (
				E409791323A0A3A000F51C42 /* Debug */,
				E409791423A0A3A000F51C42 /* Release */,
			);
			defaultConfigurationIsVisible = 0;
			defaultConfigurationName = Release;
		};
/* End XCConfigurationList section */

/* Begin XCRemoteSwiftPackageReference section */
		E4BA35F223AC2CBA00F81825 /* XCRemoteSwiftPackageReference "Surge" */ = {
			isa = XCRemoteSwiftPackageReference;
			repositoryURL = "https://github.com/Jounce/Surge";
			requirement = {
				kind = upToNextMajorVersion;
				minimumVersion = 2.3.0;
			};
		};
		E4D72E3423DF9E3200BE3B75 /* XCRemoteSwiftPackageReference "Starscream" */ = {
			isa = XCRemoteSwiftPackageReference;
			repositoryURL = "https://github.com/daltoniam/Starscream";
			requirement = {
				kind = upToNextMajorVersion;
				minimumVersion = 4.0.0;
			};
		};
		E4D72E4923DFB0DE00BE3B75 /* XCRemoteSwiftPackageReference "realm-cocoa" */ = {
			isa = XCRemoteSwiftPackageReference;
			repositoryURL = "https://github.com/realm/realm-cocoa";
			requirement = {
				kind = upToNextMajorVersion;
				minimumVersion = 4.3.1;
			};
		};
/* End XCRemoteSwiftPackageReference section */
	};
	rootObject = E40978F223A0A39F00F51C42 /* Project object */;
}
