// !$*UTF8*$!
{
	archiveVersion = 1;
	classes = {
	};
	objectVersion = 51;
	objects = {

/* Begin PBXBuildFile section */
		E4016FBE246E74B30093AC18 /* CommunicationManager.swift in Sources */ = {isa = PBXBuildFile; fileRef = E4016FBD246E74B30093AC18 /* CommunicationManager.swift */; };
		E4058A7323D6A0FD00F8C03D /* MPSHandler.swift in Sources */ = {isa = PBXBuildFile; fileRef = E4058A7223D6A0FD00F8C03D /* MPSHandler.swift */; };
		E409790523A0A3A000F51C42 /* DiscreetAI.framework in Frameworks */ = {isa = PBXBuildFile; fileRef = E40978FB23A0A39F00F51C42 /* DiscreetAI.framework */; };
		E409790C23A0A3A000F51C42 /* DiscreetAI.h in Headers */ = {isa = PBXBuildFile; fileRef = E40978FE23A0A39F00F51C42 /* DiscreetAI.h */; settings = {ATTRIBUTES = (Public, ); }; };
		E40F614323CFEAA7009639CF /* WeightsProcessorTests.swift in Sources */ = {isa = PBXBuildFile; fileRef = E40F614223CFEAA7009639CF /* WeightsProcessorTests.swift */; };
		E41B26DA23EA367A0095C1CD /* old_simple_weights in Resources */ = {isa = PBXBuildFile; fileRef = E41B26D623EA36790095C1CD /* old_simple_weights */; };
		E41B26DB23EA367A0095C1CD /* new_complex_weights in Resources */ = {isa = PBXBuildFile; fileRef = E41B26D723EA367A0095C1CD /* new_complex_weights */; };
		E41B26DC23EA367A0095C1CD /* new_simple_weights in Resources */ = {isa = PBXBuildFile; fileRef = E41B26D823EA367A0095C1CD /* new_simple_weights */; };
		E41B26DD23EA367A0095C1CD /* old_complex_weights in Resources */ = {isa = PBXBuildFile; fileRef = E41B26D923EA367A0095C1CD /* old_complex_weights */; };
		E41D7BD923E0E34300D58478 /* DataEntry.swift in Sources */ = {isa = PBXBuildFile; fileRef = E41D7BD823E0E34300D58478 /* DataEntry.swift */; };
		E41D7BE523E12B6E00D58478 /* ModelLoader.swift in Sources */ = {isa = PBXBuildFile; fileRef = E41D7BE423E12B6E00D58478 /* ModelLoader.swift */; };
		E41D7BE723E12BBB00D58478 /* MLMultiArrayUtils.swift in Sources */ = {isa = PBXBuildFile; fileRef = E41D7BE623E12BBB00D58478 /* MLMultiArrayUtils.swift */; };
		E41D7BEE23E13C5500D58478 /* TextBatchProvider.swift in Sources */ = {isa = PBXBuildFile; fileRef = E41D7BED23E13C5500D58478 /* TextBatchProvider.swift */; };
		E41D7C0423E2489D00D58478 /* TextFeatureProvider.swift in Sources */ = {isa = PBXBuildFile; fileRef = E41D7C0323E2489D00D58478 /* TextFeatureProvider.swift */; };
		E41D7C0823E26EE200D58478 /* MetadataEntry.swift in Sources */ = {isa = PBXBuildFile; fileRef = E41D7C0723E26EE200D58478 /* MetadataEntry.swift */; };
		E41D7C0A23E2871900D58478 /* ModelLoaderTests.swift in Sources */ = {isa = PBXBuildFile; fileRef = E41D7C0923E2871900D58478 /* ModelLoaderTests.swift */; };
		E41EE5932432FB3F00B6F228 /* DiscreetAI.framework in Frameworks */ = {isa = PBXBuildFile; fileRef = E40978FB23A0A39F00F51C42 /* DiscreetAI.framework */; };
		E41EE5B22432FB9300B6F228 /* new_complex_weights in Resources */ = {isa = PBXBuildFile; fileRef = E41EE59B2432FB9300B6F228 /* new_complex_weights */; };
		E41EE5B32432FB9300B6F228 /* new_simple_weights in Resources */ = {isa = PBXBuildFile; fileRef = E41EE59C2432FB9300B6F228 /* new_simple_weights */; };
		E41EE5B42432FB9300B6F228 /* old_simple_weights in Resources */ = {isa = PBXBuildFile; fileRef = E41EE59D2432FB9300B6F228 /* old_simple_weights */; };
		E41EE5B52432FB9300B6F228 /* old_complex_weights in Resources */ = {isa = PBXBuildFile; fileRef = E41EE59E2432FB9300B6F228 /* old_complex_weights */; };
		E41EE5B62432FB9300B6F228 /* DummyDMLJob.swift in Sources */ = {isa = PBXBuildFile; fileRef = E41EE5A02432FB9300B6F228 /* DummyDMLJob.swift */; };
		E41EE5B72432FB9300B6F228 /* DummyCoreMLClient.swift in Sources */ = {isa = PBXBuildFile; fileRef = E41EE5A12432FB9300B6F228 /* DummyCoreMLClient.swift */; };
		E41EE5B82432FB9300B6F228 /* TestingUtils.swift in Sources */ = {isa = PBXBuildFile; fileRef = E41EE5A22432FB9300B6F228 /* TestingUtils.swift */; };
		E41EE5B92432FB9300B6F228 /* TextUtils.swift in Sources */ = {isa = PBXBuildFile; fileRef = E41EE5A52432FB9300B6F228 /* TextUtils.swift */; };
		E41EE5BA2432FB9300B6F228 /* DummyWeightsProcessor.swift in Sources */ = {isa = PBXBuildFile; fileRef = E41EE5A62432FB9300B6F228 /* DummyWeightsProcessor.swift */; };
		E41EE5BC2432FB9300B6F228 /* DummyRealmClient.swift in Sources */ = {isa = PBXBuildFile; fileRef = E41EE5A82432FB9300B6F228 /* DummyRealmClient.swift */; };
		E41EE5BD2432FB9300B6F228 /* data.json in Resources */ = {isa = PBXBuildFile; fileRef = E41EE5AB2432FB9300B6F228 /* data.json */; };
		E41EE5BE2432FB9300B6F228 /* DummyModelLoader.swift in Sources */ = {isa = PBXBuildFile; fileRef = E41EE5AC2432FB9300B6F228 /* DummyModelLoader.swift */; };
		E41EE5BF2432FB9300B6F228 /* DummyCommunicationManager.swift in Sources */ = {isa = PBXBuildFile; fileRef = E41EE5AE2432FB9300B6F228 /* DummyCommunicationManager.swift */; };
		E41EE5C12432FB9300B6F228 /* DummyOrchestrator.swift in Sources */ = {isa = PBXBuildFile; fileRef = E41EE5B12432FB9300B6F228 /* DummyOrchestrator.swift */; };
		E41EE5C32432FBC200B6F228 /* IntegrationTests.swift in Sources */ = {isa = PBXBuildFile; fileRef = E41EE5C22432FBC200B6F228 /* IntegrationTests.swift */; };
		E42C76E723E8DC2A0003F638 /* Orchestrator.swift in Sources */ = {isa = PBXBuildFile; fileRef = E42C76E623E8DC2A0003F638 /* Orchestrator.swift */; };
		E42C76E923E8DCD20003F638 /* OrchestratorTests.swift in Sources */ = {isa = PBXBuildFile; fileRef = E42C76E823E8DCD20003F638 /* OrchestratorTests.swift */; };
		E42C76EC23E8E8F00003F638 /* DummyOrchestrator.swift in Sources */ = {isa = PBXBuildFile; fileRef = E42C76EB23E8E8F00003F638 /* DummyOrchestrator.swift */; };
		E42C76EE23E8F73E0003F638 /* Errors.swift in Sources */ = {isa = PBXBuildFile; fileRef = E42C76ED23E8F73E0003F638 /* Errors.swift */; };
		E4301B452405F79B00ED9CA4 /* Encoder.swift in Sources */ = {isa = PBXBuildFile; fileRef = E4301B442405F79B00ED9CA4 /* Encoder.swift */; };
		E4301B472406009000ED9CA4 /* EncoderTests.swift in Sources */ = {isa = PBXBuildFile; fileRef = E4301B462406009000ED9CA4 /* EncoderTests.swift */; };
		E4371717242969F800FAABB0 /* TextDatasets.swift in Sources */ = {isa = PBXBuildFile; fileRef = E4371716242969F800FAABB0 /* TextDatasets.swift */; };
		E43ECF8B244FCBA3009152F5 /* Datasets in Resources */ = {isa = PBXBuildFile; fileRef = E43ECF8A244FCBA3009152F5 /* Datasets */; };
		E44F577223D3027500FE0619 /* Utils.swift in Sources */ = {isa = PBXBuildFile; fileRef = E44F577123D3027400FE0619 /* Utils.swift */; };
		E45288FE23E383A9003F422A /* CoreMLClientTests.swift in Sources */ = {isa = PBXBuildFile; fileRef = E45288FD23E383A9003F422A /* CoreMLClientTests.swift */; };
		E458F0E22425BB4F005A6A54 /* ImageDatasets.swift in Sources */ = {isa = PBXBuildFile; fileRef = E458F0E12425BB4F005A6A54 /* ImageDatasets.swift */; };
		E468506523E5415100D3D689 /* DummyRealmClient.swift in Sources */ = {isa = PBXBuildFile; fileRef = E468506423E5415100D3D689 /* DummyRealmClient.swift */; };
		E468506723E5424300D3D689 /* DummyCommunicationManager.swift in Sources */ = {isa = PBXBuildFile; fileRef = E468506623E5424300D3D689 /* DummyCommunicationManager.swift */; };
		E468506923E5428200D3D689 /* DummyWeightsProcessor.swift in Sources */ = {isa = PBXBuildFile; fileRef = E468506823E5428200D3D689 /* DummyWeightsProcessor.swift */; };
		E468506B23E542B600D3D689 /* DummyModelLoader.swift in Sources */ = {isa = PBXBuildFile; fileRef = E468506A23E542B600D3D689 /* DummyModelLoader.swift */; };
		E468506E23E5440500D3D689 /* DummyCoreMLClient.swift in Sources */ = {isa = PBXBuildFile; fileRef = E468506D23E5440500D3D689 /* DummyCoreMLClient.swift */; };
		E468507223E5498C00D3D689 /* CoreMLUtils.swift in Sources */ = {isa = PBXBuildFile; fileRef = E468507123E5498C00D3D689 /* CoreMLUtils.swift */; };
		E49BDD5323D689A400A954FE /* TestingUtils.swift in Sources */ = {isa = PBXBuildFile; fileRef = E49BDD5223D689A400A954FE /* TestingUtils.swift */; };
		E4ABEE4D24071C5400D5199E /* TextUtils.swift in Sources */ = {isa = PBXBuildFile; fileRef = E4ABEE4C24071C5400D5199E /* TextUtils.swift */; };
		E4BA35ED23AB100000F81825 /* WeightsProcessor.swift in Sources */ = {isa = PBXBuildFile; fileRef = E4BA35EC23AB100000F81825 /* WeightsProcessor.swift */; };
		E4BA35F123AB187000F81825 /* BinaryUtils.swift in Sources */ = {isa = PBXBuildFile; fileRef = E4BA35F023AB187000F81825 /* BinaryUtils.swift */; };
		E4C8CA01240F0D6D00F3BAD7 /* ImageBatchProvider.swift in Sources */ = {isa = PBXBuildFile; fileRef = E4C8CA00240F0D6D00F3BAD7 /* ImageBatchProvider.swift */; };
		E4C8CA05240F0DF800F3BAD7 /* ImageFeatureProvider.swift in Sources */ = {isa = PBXBuildFile; fileRef = E4C8CA04240F0DF800F3BAD7 /* ImageFeatureProvider.swift */; };
		E4C8CA09240F0EC200F3BAD7 /* TextEntry.swift in Sources */ = {isa = PBXBuildFile; fileRef = E4C8CA08240F0EC200F3BAD7 /* TextEntry.swift */; };
		E4C8CA0B240F0EF100F3BAD7 /* ImageEntry.swift in Sources */ = {isa = PBXBuildFile; fileRef = E4C8CA0A240F0EF100F3BAD7 /* ImageEntry.swift */; };
		E4C8CA0D241784D400F3BAD7 /* DummyDMLJob.swift in Sources */ = {isa = PBXBuildFile; fileRef = E4C8CA0C241784D400F3BAD7 /* DummyDMLJob.swift */; };
		E4D72E2123DF8C8900BE3B75 /* DMLJob.swift in Sources */ = {isa = PBXBuildFile; fileRef = E4D72E2023DF8C8900BE3B75 /* DMLJob.swift */; };
		E4D72E2323DF8D4F00BE3B75 /* CoreMLClient.swift in Sources */ = {isa = PBXBuildFile; fileRef = E4D72E2223DF8D4F00BE3B75 /* CoreMLClient.swift */; };
		E4D72E3823DF9E7800BE3B75 /* CommunicationManagerTests.swift in Sources */ = {isa = PBXBuildFile; fileRef = E4D72E3723DF9E7800BE3B75 /* CommunicationManagerTests.swift */; };
		E4D72E3F23DFA7CE00BE3B75 /* RealmClient.swift in Sources */ = {isa = PBXBuildFile; fileRef = E4D72E3E23DFA7CE00BE3B75 /* RealmClient.swift */; };
		E4D72E4323DFA7ED00BE3B75 /* RealmClientTests.swift in Sources */ = {isa = PBXBuildFile; fileRef = E4D72E4223DFA7ED00BE3B75 /* RealmClientTests.swift */; };
/* End PBXBuildFile section */

/* Begin PBXContainerItemProxy section */
		E409790623A0A3A000F51C42 /* PBXContainerItemProxy */ = {
			isa = PBXContainerItemProxy;
			containerPortal = E40978F223A0A39F00F51C42 /* Project object */;
			proxyType = 1;
			remoteGlobalIDString = E40978FA23A0A39F00F51C42;
			remoteInfo = "Discreet-DML";
		};
		E41EE5942432FB3F00B6F228 /* PBXContainerItemProxy */ = {
			isa = PBXContainerItemProxy;
			containerPortal = E40978F223A0A39F00F51C42 /* Project object */;
			proxyType = 1;
			remoteGlobalIDString = E40978FA23A0A39F00F51C42;
			remoteInfo = DiscreetAI;
		};
/* End PBXContainerItemProxy section */

/* Begin PBXFileReference section */
		10D68C76B950E2928E68CE5D /* Pods_DiscreetAI.framework */ = {isa = PBXFileReference; explicitFileType = wrapper.framework; includeInIndex = 0; path = Pods_DiscreetAI.framework; sourceTree = BUILT_PRODUCTS_DIR; };
		13D95FA03C090EFF88107A09 /* Pods-DiscreetAI-IntegrationTests.debug.xcconfig */ = {isa = PBXFileReference; includeInIndex = 1; lastKnownFileType = text.xcconfig; name = "Pods-DiscreetAI-IntegrationTests.debug.xcconfig"; path = "Target Support Files/Pods-DiscreetAI-IntegrationTests/Pods-DiscreetAI-IntegrationTests.debug.xcconfig"; sourceTree = "<group>"; };
		4E7CC714F5641BB135A6AA7A /* Pods-DiscreetAI.release.xcconfig */ = {isa = PBXFileReference; includeInIndex = 1; lastKnownFileType = text.xcconfig; name = "Pods-DiscreetAI.release.xcconfig"; path = "Target Support Files/Pods-DiscreetAI/Pods-DiscreetAI.release.xcconfig"; sourceTree = "<group>"; };
		4E91C23BDA6D0821EA9B42F2 /* Pods_DiscreetAI_UnitTests.framework */ = {isa = PBXFileReference; explicitFileType = wrapper.framework; includeInIndex = 0; path = Pods_DiscreetAI_UnitTests.framework; sourceTree = BUILT_PRODUCTS_DIR; };
		8CE950EFE84EAE5AE9C88069 /* Pods-DiscreetAI-IntegrationTests.release.xcconfig */ = {isa = PBXFileReference; includeInIndex = 1; lastKnownFileType = text.xcconfig; name = "Pods-DiscreetAI-IntegrationTests.release.xcconfig"; path = "Target Support Files/Pods-DiscreetAI-IntegrationTests/Pods-DiscreetAI-IntegrationTests.release.xcconfig"; sourceTree = "<group>"; };
		9DE492C19D2C0FF320C38F51 /* Pods-DiscreetAI.debug.xcconfig */ = {isa = PBXFileReference; includeInIndex = 1; lastKnownFileType = text.xcconfig; name = "Pods-DiscreetAI.debug.xcconfig"; path = "Target Support Files/Pods-DiscreetAI/Pods-DiscreetAI.debug.xcconfig"; sourceTree = "<group>"; };
		B6CB3ED8DADAD5217AE9F501 /* Pods-DiscreetAI-UnitTests.debug.xcconfig */ = {isa = PBXFileReference; includeInIndex = 1; lastKnownFileType = text.xcconfig; name = "Pods-DiscreetAI-UnitTests.debug.xcconfig"; path = "Target Support Files/Pods-DiscreetAI-UnitTests/Pods-DiscreetAI-UnitTests.debug.xcconfig"; sourceTree = "<group>"; };
		BEA8A161BB32629794F091A8 /* Pods_DiscreetAI_IntegrationTests.framework */ = {isa = PBXFileReference; explicitFileType = wrapper.framework; includeInIndex = 0; path = Pods_DiscreetAI_IntegrationTests.framework; sourceTree = BUILT_PRODUCTS_DIR; };
		D1A5A7D2285EE1F74D26B742 /* Pods-DiscreetAI-UnitTests.release.xcconfig */ = {isa = PBXFileReference; includeInIndex = 1; lastKnownFileType = text.xcconfig; name = "Pods-DiscreetAI-UnitTests.release.xcconfig"; path = "Target Support Files/Pods-DiscreetAI-UnitTests/Pods-DiscreetAI-UnitTests.release.xcconfig"; sourceTree = "<group>"; };
		E4016FBD246E74B30093AC18 /* CommunicationManager.swift */ = {isa = PBXFileReference; fileEncoding = 4; lastKnownFileType = sourcecode.swift; path = CommunicationManager.swift; sourceTree = "<group>"; };
		E4058A7223D6A0FD00F8C03D /* MPSHandler.swift */ = {isa = PBXFileReference; lastKnownFileType = sourcecode.swift; path = MPSHandler.swift; sourceTree = "<group>"; };
		E40978FB23A0A39F00F51C42 /* DiscreetAI.framework */ = {isa = PBXFileReference; explicitFileType = wrapper.framework; includeInIndex = 0; path = DiscreetAI.framework; sourceTree = BUILT_PRODUCTS_DIR; };
		E40978FE23A0A39F00F51C42 /* DiscreetAI.h */ = {isa = PBXFileReference; lastKnownFileType = sourcecode.c.h; path = DiscreetAI.h; sourceTree = "<group>"; };
		E40978FF23A0A39F00F51C42 /* Info.plist */ = {isa = PBXFileReference; lastKnownFileType = text.plist.xml; path = Info.plist; sourceTree = "<group>"; };
		E409790423A0A3A000F51C42 /* DiscreetAI-UnitTests.xctest */ = {isa = PBXFileReference; explicitFileType = wrapper.cfbundle; includeInIndex = 0; path = "DiscreetAI-UnitTests.xctest"; sourceTree = BUILT_PRODUCTS_DIR; };
		E409790B23A0A3A000F51C42 /* Info.plist */ = {isa = PBXFileReference; lastKnownFileType = text.plist.xml; path = Info.plist; sourceTree = "<group>"; };
		E40F614223CFEAA7009639CF /* WeightsProcessorTests.swift */ = {isa = PBXFileReference; lastKnownFileType = sourcecode.swift; path = WeightsProcessorTests.swift; sourceTree = "<group>"; };
		E4155EA323F62C2700D5074D /* Pods_SceneDetector.framework */ = {isa = PBXFileReference; explicitFileType = wrapper.framework; path = Pods_SceneDetector.framework; sourceTree = BUILT_PRODUCTS_DIR; };
		E41B26D623EA36790095C1CD /* old_simple_weights */ = {isa = PBXFileReference; lastKnownFileType = file; name = old_simple_weights; path = WeightsProcessor/old_simple_weights; sourceTree = "<group>"; };
		E41B26D723EA367A0095C1CD /* new_complex_weights */ = {isa = PBXFileReference; lastKnownFileType = file; name = new_complex_weights; path = WeightsProcessor/new_complex_weights; sourceTree = "<group>"; };
		E41B26D823EA367A0095C1CD /* new_simple_weights */ = {isa = PBXFileReference; lastKnownFileType = file; name = new_simple_weights; path = WeightsProcessor/new_simple_weights; sourceTree = "<group>"; };
		E41B26D923EA367A0095C1CD /* old_complex_weights */ = {isa = PBXFileReference; lastKnownFileType = file; name = old_complex_weights; path = WeightsProcessor/old_complex_weights; sourceTree = "<group>"; };
		E41D7BD823E0E34300D58478 /* DataEntry.swift */ = {isa = PBXFileReference; lastKnownFileType = sourcecode.swift; path = DataEntry.swift; sourceTree = "<group>"; };
		E41D7BE423E12B6E00D58478 /* ModelLoader.swift */ = {isa = PBXFileReference; lastKnownFileType = sourcecode.swift; path = ModelLoader.swift; sourceTree = "<group>"; };
		E41D7BE623E12BBB00D58478 /* MLMultiArrayUtils.swift */ = {isa = PBXFileReference; lastKnownFileType = sourcecode.swift; path = MLMultiArrayUtils.swift; sourceTree = "<group>"; };
		E41D7BED23E13C5500D58478 /* TextBatchProvider.swift */ = {isa = PBXFileReference; lastKnownFileType = sourcecode.swift; path = TextBatchProvider.swift; sourceTree = "<group>"; };
		E41D7C0323E2489D00D58478 /* TextFeatureProvider.swift */ = {isa = PBXFileReference; lastKnownFileType = sourcecode.swift; path = TextFeatureProvider.swift; sourceTree = "<group>"; };
		E41D7C0723E26EE200D58478 /* MetadataEntry.swift */ = {isa = PBXFileReference; lastKnownFileType = sourcecode.swift; path = MetadataEntry.swift; sourceTree = "<group>"; };
		E41D7C0923E2871900D58478 /* ModelLoaderTests.swift */ = {isa = PBXFileReference; lastKnownFileType = sourcecode.swift; path = ModelLoaderTests.swift; sourceTree = "<group>"; };
		E41EE58E2432FB3F00B6F228 /* DiscreetAI-IntegrationTests.xctest */ = {isa = PBXFileReference; explicitFileType = wrapper.cfbundle; includeInIndex = 0; path = "DiscreetAI-IntegrationTests.xctest"; sourceTree = BUILT_PRODUCTS_DIR; };
		E41EE5922432FB3F00B6F228 /* Info.plist */ = {isa = PBXFileReference; lastKnownFileType = text.plist.xml; path = Info.plist; sourceTree = "<group>"; };
		E41EE59B2432FB9300B6F228 /* new_complex_weights */ = {isa = PBXFileReference; lastKnownFileType = file; path = new_complex_weights; sourceTree = "<group>"; };
		E41EE59C2432FB9300B6F228 /* new_simple_weights */ = {isa = PBXFileReference; lastKnownFileType = file; path = new_simple_weights; sourceTree = "<group>"; };
		E41EE59D2432FB9300B6F228 /* old_simple_weights */ = {isa = PBXFileReference; lastKnownFileType = file; path = old_simple_weights; sourceTree = "<group>"; };
		E41EE59E2432FB9300B6F228 /* old_complex_weights */ = {isa = PBXFileReference; lastKnownFileType = file; path = old_complex_weights; sourceTree = "<group>"; };
		E41EE5A02432FB9300B6F228 /* DummyDMLJob.swift */ = {isa = PBXFileReference; fileEncoding = 4; lastKnownFileType = sourcecode.swift; path = DummyDMLJob.swift; sourceTree = "<group>"; };
		E41EE5A12432FB9300B6F228 /* DummyCoreMLClient.swift */ = {isa = PBXFileReference; fileEncoding = 4; lastKnownFileType = sourcecode.swift; path = DummyCoreMLClient.swift; sourceTree = "<group>"; };
		E41EE5A22432FB9300B6F228 /* TestingUtils.swift */ = {isa = PBXFileReference; fileEncoding = 4; lastKnownFileType = sourcecode.swift; path = TestingUtils.swift; sourceTree = "<group>"; };
		E41EE5A52432FB9300B6F228 /* TextUtils.swift */ = {isa = PBXFileReference; fileEncoding = 4; lastKnownFileType = sourcecode.swift; path = TextUtils.swift; sourceTree = "<group>"; };
		E41EE5A62432FB9300B6F228 /* DummyWeightsProcessor.swift */ = {isa = PBXFileReference; fileEncoding = 4; lastKnownFileType = sourcecode.swift; path = DummyWeightsProcessor.swift; sourceTree = "<group>"; };
		E41EE5A72432FB9300B6F228 /* neural_ngram_updatable.mlmodel */ = {isa = PBXFileReference; lastKnownFileType = file.mlmodel; path = neural_ngram_updatable.mlmodel; sourceTree = "<group>"; };
		E41EE5A82432FB9300B6F228 /* DummyRealmClient.swift */ = {isa = PBXFileReference; fileEncoding = 4; lastKnownFileType = sourcecode.swift; path = DummyRealmClient.swift; sourceTree = "<group>"; };
		E41EE5AB2432FB9300B6F228 /* data.json */ = {isa = PBXFileReference; fileEncoding = 4; lastKnownFileType = text.json; path = data.json; sourceTree = "<group>"; };
		E41EE5AC2432FB9300B6F228 /* DummyModelLoader.swift */ = {isa = PBXFileReference; fileEncoding = 4; lastKnownFileType = sourcecode.swift; path = DummyModelLoader.swift; sourceTree = "<group>"; };
		E41EE5AE2432FB9300B6F228 /* DummyCommunicationManager.swift */ = {isa = PBXFileReference; fileEncoding = 4; lastKnownFileType = sourcecode.swift; path = DummyCommunicationManager.swift; sourceTree = "<group>"; };
		E41EE5AF2432FB9300B6F228 /* my_model.mlmodel */ = {isa = PBXFileReference; lastKnownFileType = file.mlmodel; path = my_model.mlmodel; sourceTree = "<group>"; };
		E41EE5B12432FB9300B6F228 /* DummyOrchestrator.swift */ = {isa = PBXFileReference; fileEncoding = 4; lastKnownFileType = sourcecode.swift; path = DummyOrchestrator.swift; sourceTree = "<group>"; };
		E41EE5C22432FBC200B6F228 /* IntegrationTests.swift */ = {isa = PBXFileReference; fileEncoding = 4; lastKnownFileType = sourcecode.swift; path = IntegrationTests.swift; sourceTree = "<group>"; };
		E42C76E623E8DC2A0003F638 /* Orchestrator.swift */ = {isa = PBXFileReference; lastKnownFileType = sourcecode.swift; path = Orchestrator.swift; sourceTree = "<group>"; };
		E42C76E823E8DCD20003F638 /* OrchestratorTests.swift */ = {isa = PBXFileReference; lastKnownFileType = sourcecode.swift; path = OrchestratorTests.swift; sourceTree = "<group>"; };
		E42C76EB23E8E8F00003F638 /* DummyOrchestrator.swift */ = {isa = PBXFileReference; lastKnownFileType = sourcecode.swift; path = DummyOrchestrator.swift; sourceTree = "<group>"; };
		E42C76ED23E8F73E0003F638 /* Errors.swift */ = {isa = PBXFileReference; lastKnownFileType = sourcecode.swift; path = Errors.swift; sourceTree = "<group>"; };
		E4301B442405F79B00ED9CA4 /* Encoder.swift */ = {isa = PBXFileReference; lastKnownFileType = sourcecode.swift; path = Encoder.swift; sourceTree = "<group>"; };
		E4301B462406009000ED9CA4 /* EncoderTests.swift */ = {isa = PBXFileReference; lastKnownFileType = sourcecode.swift; path = EncoderTests.swift; sourceTree = "<group>"; };
		E4338CBA244D21DC00DC9AE6 /* Pods_DiscreetAIDemoApp.framework */ = {isa = PBXFileReference; explicitFileType = wrapper.framework; path = Pods_DiscreetAIDemoApp.framework; sourceTree = BUILT_PRODUCTS_DIR; };
		E4371716242969F800FAABB0 /* TextDatasets.swift */ = {isa = PBXFileReference; lastKnownFileType = sourcecode.swift; path = TextDatasets.swift; sourceTree = "<group>"; };
		E43ECF8A244FCBA3009152F5 /* Datasets */ = {isa = PBXFileReference; lastKnownFileType = folder; path = Datasets; sourceTree = "<group>"; };
		E44F577123D3027400FE0619 /* Utils.swift */ = {isa = PBXFileReference; lastKnownFileType = sourcecode.swift; path = Utils.swift; sourceTree = "<group>"; };
		E45288FD23E383A9003F422A /* CoreMLClientTests.swift */ = {isa = PBXFileReference; lastKnownFileType = sourcecode.swift; path = CoreMLClientTests.swift; sourceTree = "<group>"; };
		E458F0E12425BB4F005A6A54 /* ImageDatasets.swift */ = {isa = PBXFileReference; lastKnownFileType = sourcecode.swift; path = ImageDatasets.swift; sourceTree = "<group>"; };
		E463E717244FA6E000FB2D6C /* Pods_DiscreetAI.framework */ = {isa = PBXFileReference; explicitFileType = wrapper.framework; path = Pods_DiscreetAI.framework; sourceTree = BUILT_PRODUCTS_DIR; };
		E468506423E5415100D3D689 /* DummyRealmClient.swift */ = {isa = PBXFileReference; lastKnownFileType = sourcecode.swift; path = DummyRealmClient.swift; sourceTree = "<group>"; };
		E468506623E5424300D3D689 /* DummyCommunicationManager.swift */ = {isa = PBXFileReference; lastKnownFileType = sourcecode.swift; path = DummyCommunicationManager.swift; sourceTree = "<group>"; };
		E468506823E5428200D3D689 /* DummyWeightsProcessor.swift */ = {isa = PBXFileReference; lastKnownFileType = sourcecode.swift; path = DummyWeightsProcessor.swift; sourceTree = "<group>"; };
		E468506A23E542B600D3D689 /* DummyModelLoader.swift */ = {isa = PBXFileReference; lastKnownFileType = sourcecode.swift; path = DummyModelLoader.swift; sourceTree = "<group>"; };
		E468506D23E5440500D3D689 /* DummyCoreMLClient.swift */ = {isa = PBXFileReference; lastKnownFileType = sourcecode.swift; path = DummyCoreMLClient.swift; sourceTree = "<group>"; };
		E468507123E5498C00D3D689 /* CoreMLUtils.swift */ = {isa = PBXFileReference; lastKnownFileType = sourcecode.swift; path = CoreMLUtils.swift; sourceTree = "<group>"; };
		E48D5F1E24492FD200F15817 /* Realm.framework */ = {isa = PBXFileReference; explicitFileType = wrapper.framework; path = Realm.framework; sourceTree = BUILT_PRODUCTS_DIR; };
		E48D5F2024492FD200F15817 /* RealmSwift.framework */ = {isa = PBXFileReference; explicitFileType = wrapper.framework; path = RealmSwift.framework; sourceTree = BUILT_PRODUCTS_DIR; };
		E48D5F2224492FD200F15817 /* Starscream.framework */ = {isa = PBXFileReference; explicitFileType = wrapper.framework; path = Starscream.framework; sourceTree = BUILT_PRODUCTS_DIR; };
		E48D5F2424492FD200F15817 /* Surge.framework */ = {isa = PBXFileReference; explicitFileType = wrapper.framework; path = Surge.framework; sourceTree = BUILT_PRODUCTS_DIR; };
		E48D5F27244931CE00F15817 /* Pods_DiscreetAI.framework */ = {isa = PBXFileReference; explicitFileType = wrapper.framework; path = Pods_DiscreetAI.framework; sourceTree = BUILT_PRODUCTS_DIR; };
		E49BDD5223D689A400A954FE /* TestingUtils.swift */ = {isa = PBXFileReference; lastKnownFileType = sourcecode.swift; path = TestingUtils.swift; sourceTree = "<group>"; };
		E4ABEE4C24071C5400D5199E /* TextUtils.swift */ = {isa = PBXFileReference; lastKnownFileType = sourcecode.swift; path = TextUtils.swift; sourceTree = "<group>"; };
		E4ABEE4E2407235C00D5199E /* neural_ngram_updatable.mlmodel */ = {isa = PBXFileReference; lastKnownFileType = file.mlmodel; path = neural_ngram_updatable.mlmodel; sourceTree = "<group>"; };
		E4BA35EC23AB100000F81825 /* WeightsProcessor.swift */ = {isa = PBXFileReference; lastKnownFileType = sourcecode.swift; path = WeightsProcessor.swift; sourceTree = "<group>"; };
		E4BA35F023AB187000F81825 /* BinaryUtils.swift */ = {isa = PBXFileReference; lastKnownFileType = sourcecode.swift; path = BinaryUtils.swift; sourceTree = "<group>"; };
		E4C8CA00240F0D6D00F3BAD7 /* ImageBatchProvider.swift */ = {isa = PBXFileReference; lastKnownFileType = sourcecode.swift; path = ImageBatchProvider.swift; sourceTree = "<group>"; };
		E4C8CA04240F0DF800F3BAD7 /* ImageFeatureProvider.swift */ = {isa = PBXFileReference; lastKnownFileType = sourcecode.swift; path = ImageFeatureProvider.swift; sourceTree = "<group>"; };
		E4C8CA08240F0EC200F3BAD7 /* TextEntry.swift */ = {isa = PBXFileReference; lastKnownFileType = sourcecode.swift; path = TextEntry.swift; sourceTree = "<group>"; };
		E4C8CA0A240F0EF100F3BAD7 /* ImageEntry.swift */ = {isa = PBXFileReference; lastKnownFileType = sourcecode.swift; path = ImageEntry.swift; sourceTree = "<group>"; };
		E4C8CA0C241784D400F3BAD7 /* DummyDMLJob.swift */ = {isa = PBXFileReference; lastKnownFileType = sourcecode.swift; path = DummyDMLJob.swift; sourceTree = "<group>"; };
		E4D72E2023DF8C8900BE3B75 /* DMLJob.swift */ = {isa = PBXFileReference; lastKnownFileType = sourcecode.swift; path = DMLJob.swift; sourceTree = "<group>"; };
		E4D72E2223DF8D4F00BE3B75 /* CoreMLClient.swift */ = {isa = PBXFileReference; lastKnownFileType = sourcecode.swift; path = CoreMLClient.swift; sourceTree = "<group>"; };
		E4D72E3723DF9E7800BE3B75 /* CommunicationManagerTests.swift */ = {isa = PBXFileReference; lastKnownFileType = sourcecode.swift; path = CommunicationManagerTests.swift; sourceTree = "<group>"; };
		E4D72E3E23DFA7CE00BE3B75 /* RealmClient.swift */ = {isa = PBXFileReference; lastKnownFileType = sourcecode.swift; path = RealmClient.swift; sourceTree = "<group>"; };
		E4D72E4223DFA7ED00BE3B75 /* RealmClientTests.swift */ = {isa = PBXFileReference; lastKnownFileType = sourcecode.swift; path = RealmClientTests.swift; sourceTree = "<group>"; };
/* End PBXFileReference section */

/* Begin PBXFrameworksBuildPhase section */
		E40978F823A0A39F00F51C42 /* Frameworks */ = {
			isa = PBXFrameworksBuildPhase;
			buildActionMask = 2147483647;
			files = (
			);
			runOnlyForDeploymentPostprocessing = 0;
		};
		E409790123A0A3A000F51C42 /* Frameworks */ = {
			isa = PBXFrameworksBuildPhase;
			buildActionMask = 2147483647;
			files = (
				E409790523A0A3A000F51C42 /* DiscreetAI.framework in Frameworks */,
			);
			runOnlyForDeploymentPostprocessing = 0;
		};
		E41EE58B2432FB3F00B6F228 /* Frameworks */ = {
			isa = PBXFrameworksBuildPhase;
			buildActionMask = 2147483647;
			files = (
				E41EE5932432FB3F00B6F228 /* DiscreetAI.framework in Frameworks */,
			);
			runOnlyForDeploymentPostprocessing = 0;
		};
/* End PBXFrameworksBuildPhase section */

/* Begin PBXGroup section */
		4C9A35736032C7C12FA8A4E4 /* Pods */ = {
			isa = PBXGroup;
			children = (
				9DE492C19D2C0FF320C38F51 /* Pods-DiscreetAI.debug.xcconfig */,
				4E7CC714F5641BB135A6AA7A /* Pods-DiscreetAI.release.xcconfig */,
				13D95FA03C090EFF88107A09 /* Pods-DiscreetAI-IntegrationTests.debug.xcconfig */,
				8CE950EFE84EAE5AE9C88069 /* Pods-DiscreetAI-IntegrationTests.release.xcconfig */,
				B6CB3ED8DADAD5217AE9F501 /* Pods-DiscreetAI-UnitTests.debug.xcconfig */,
				D1A5A7D2285EE1F74D26B742 /* Pods-DiscreetAI-UnitTests.release.xcconfig */,
			);
			path = Pods;
			sourceTree = "<group>";
		};
		E4016FBC246E74760093AC18 /* CommunicationManager */ = {
			isa = PBXGroup;
			children = (
				E4016FBD246E74B30093AC18 /* CommunicationManager.swift */,
			);
			path = CommunicationManager;
			sourceTree = "<group>";
		};
		E40978F123A0A39F00F51C42 = {
			isa = PBXGroup;
			children = (
				E43ECF8A244FCBA3009152F5 /* Datasets */,
				E40978FD23A0A39F00F51C42 /* DiscreetAI */,
				E409790823A0A3A000F51C42 /* DiscreetAI-UnitTests */,
				E41EE58F2432FB3F00B6F228 /* DiscreetAI-IntegrationTests */,
				E40978FC23A0A39F00F51C42 /* Products */,
				E4AF70E323D905B400D65376 /* Frameworks */,
				4C9A35736032C7C12FA8A4E4 /* Pods */,
			);
			sourceTree = "<group>";
		};
		E40978FC23A0A39F00F51C42 /* Products */ = {
			isa = PBXGroup;
			children = (
				E40978FB23A0A39F00F51C42 /* DiscreetAI.framework */,
				E409790423A0A3A000F51C42 /* DiscreetAI-UnitTests.xctest */,
				E41EE58E2432FB3F00B6F228 /* DiscreetAI-IntegrationTests.xctest */,
			);
			name = Products;
			sourceTree = "<group>";
		};
		E40978FD23A0A39F00F51C42 /* DiscreetAI */ = {
			isa = PBXGroup;
			children = (
				E4016FBC246E74760093AC18 /* CommunicationManager */,
				E458F0E62425BC1A005A6A54 /* DatasetLoaders */,
				E41D7BEB23E12E8600D58478 /* Utils */,
				E41D7BEA23E12E5400D58478 /* RealmClient */,
				E41D7BE923E12E2500D58478 /* CoreMLClient */,
				E41D7BE823E12DB200D58478 /* WeightsProcessor */,
				E40978FE23A0A39F00F51C42 /* DiscreetAI.h */,
				E40978FF23A0A39F00F51C42 /* Info.plist */,
				E42C76E623E8DC2A0003F638 /* Orchestrator.swift */,
			);
			path = DiscreetAI;
			sourceTree = "<group>";
		};
		E409790823A0A3A000F51C42 /* DiscreetAI-UnitTests */ = {
			isa = PBXGroup;
			children = (
				E49BDD4823D6889D00A954FE /* TestingArtifacts */,
				E409790B23A0A3A000F51C42 /* Info.plist */,
				E40F614223CFEAA7009639CF /* WeightsProcessorTests.swift */,
				E4D72E3723DF9E7800BE3B75 /* CommunicationManagerTests.swift */,
				E4D72E4223DFA7ED00BE3B75 /* RealmClientTests.swift */,
				E41D7C0923E2871900D58478 /* ModelLoaderTests.swift */,
				E45288FD23E383A9003F422A /* CoreMLClientTests.swift */,
				E42C76E823E8DCD20003F638 /* OrchestratorTests.swift */,
				E4301B462406009000ED9CA4 /* EncoderTests.swift */,
			);
			path = "DiscreetAI-UnitTests";
			sourceTree = "<group>";
		};
		E41B26D523EA36510095C1CD /* WeightsProcessor */ = {
			isa = PBXGroup;
			children = (
				E41B26D723EA367A0095C1CD /* new_complex_weights */,
				E41B26D823EA367A0095C1CD /* new_simple_weights */,
				E41B26D923EA367A0095C1CD /* old_complex_weights */,
				E41B26D623EA36790095C1CD /* old_simple_weights */,
			);
			name = WeightsProcessor;
			sourceTree = "<group>";
		};
		E41D7BE823E12DB200D58478 /* WeightsProcessor */ = {
			isa = PBXGroup;
			children = (
				E4BA35EC23AB100000F81825 /* WeightsProcessor.swift */,
				E4BA35F023AB187000F81825 /* BinaryUtils.swift */,
				E4058A7223D6A0FD00F8C03D /* MPSHandler.swift */,
			);
			path = WeightsProcessor;
			sourceTree = "<group>";
		};
		E41D7BE923E12E2500D58478 /* CoreMLClient */ = {
			isa = PBXGroup;
			children = (
				E468507123E5498C00D3D689 /* CoreMLUtils.swift */,
				E4C8CA03240F0DD400F3BAD7 /* Image */,
				E4C8CA02240F0DAD00F3BAD7 /* Text */,
				E4D72E2223DF8D4F00BE3B75 /* CoreMLClient.swift */,
				E41D7BE423E12B6E00D58478 /* ModelLoader.swift */,
			);
			path = CoreMLClient;
			sourceTree = "<group>";
		};
		E41D7BEA23E12E5400D58478 /* RealmClient */ = {
			isa = PBXGroup;
			children = (
				E4C8CA07240F0E9D00F3BAD7 /* Text */,
				E4C8CA06240F0E9100F3BAD7 /* Image */,
				E4D72E3E23DFA7CE00BE3B75 /* RealmClient.swift */,
				E41D7BD823E0E34300D58478 /* DataEntry.swift */,
				E41D7C0723E26EE200D58478 /* MetadataEntry.swift */,
			);
			path = RealmClient;
			sourceTree = "<group>";
		};
		E41D7BEB23E12E8600D58478 /* Utils */ = {
			isa = PBXGroup;
			children = (
				E4D72E2023DF8C8900BE3B75 /* DMLJob.swift */,
				E44F577123D3027400FE0619 /* Utils.swift */,
				E42C76ED23E8F73E0003F638 /* Errors.swift */,
			);
			path = Utils;
			sourceTree = "<group>";
		};
		E41D7C0B23E37E8300D58478 /* CoreMLClient */ = {
			isa = PBXGroup;
			children = (
				E4ABEE4E2407235C00D5199E /* neural_ngram_updatable.mlmodel */,
				E468506423E5415100D3D689 /* DummyRealmClient.swift */,
				E468506623E5424300D3D689 /* DummyCommunicationManager.swift */,
				E468506823E5428200D3D689 /* DummyWeightsProcessor.swift */,
				E468506A23E542B600D3D689 /* DummyModelLoader.swift */,
				E4ABEE4C24071C5400D5199E /* TextUtils.swift */,
			);
			path = CoreMLClient;
			sourceTree = "<group>";
		};
		E41EE58F2432FB3F00B6F228 /* DiscreetAI-IntegrationTests */ = {
			isa = PBXGroup;
			children = (
				E41EE5C22432FBC200B6F228 /* IntegrationTests.swift */,
				E41EE5992432FB9300B6F228 /* TestingArtifacts */,
				E41EE5922432FB3F00B6F228 /* Info.plist */,
			);
			path = "DiscreetAI-IntegrationTests";
			sourceTree = "<group>";
		};
		E41EE5992432FB9300B6F228 /* TestingArtifacts */ = {
			isa = PBXGroup;
			children = (
				E41EE59A2432FB9300B6F228 /* WeightsProcessor */,
				E41EE59F2432FB9300B6F228 /* CommunicationManager */,
				E41EE5A22432FB9300B6F228 /* TestingUtils.swift */,
				E41EE5A32432FB9300B6F228 /* CoreMLClient */,
				E41EE5B02432FB9300B6F228 /* Orchestrator */,
			);
			name = TestingArtifacts;
			path = "DiscreetAI-UnitTests/TestingArtifacts";
			sourceTree = SOURCE_ROOT;
		};
		E41EE59A2432FB9300B6F228 /* WeightsProcessor */ = {
			isa = PBXGroup;
			children = (
				E41EE59B2432FB9300B6F228 /* new_complex_weights */,
				E41EE59C2432FB9300B6F228 /* new_simple_weights */,
				E41EE59D2432FB9300B6F228 /* old_simple_weights */,
				E41EE59E2432FB9300B6F228 /* old_complex_weights */,
			);
			path = WeightsProcessor;
			sourceTree = "<group>";
		};
		E41EE59F2432FB9300B6F228 /* CommunicationManager */ = {
			isa = PBXGroup;
			children = (
				E41EE5A02432FB9300B6F228 /* DummyDMLJob.swift */,
				E41EE5A12432FB9300B6F228 /* DummyCoreMLClient.swift */,
			);
			path = CommunicationManager;
			sourceTree = "<group>";
		};
		E41EE5A32432FB9300B6F228 /* CoreMLClient */ = {
			isa = PBXGroup;
			children = (
				E41EE5A42432FB9300B6F228 /* (A Document Being Saved By xctest 3) */,
				E41EE5A52432FB9300B6F228 /* TextUtils.swift */,
				E41EE5A62432FB9300B6F228 /* DummyWeightsProcessor.swift */,
				E41EE5A72432FB9300B6F228 /* neural_ngram_updatable.mlmodel */,
				E41EE5A82432FB9300B6F228 /* DummyRealmClient.swift */,
				E41EE5A92432FB9300B6F228 /* (A Document Being Saved By xctest 4) */,
				E41EE5AA2432FB9300B6F228 /* (A Document Being Saved By xctest) */,
				E41EE5AB2432FB9300B6F228 /* data.json */,
				E41EE5AC2432FB9300B6F228 /* DummyModelLoader.swift */,
				E41EE5AD2432FB9300B6F228 /* (A Document Being Saved By xctest 2) */,
				E41EE5AE2432FB9300B6F228 /* DummyCommunicationManager.swift */,
				E41EE5AF2432FB9300B6F228 /* my_model.mlmodel */,
			);
			path = CoreMLClient;
			sourceTree = "<group>";
		};
		E41EE5A42432FB9300B6F228 /* (A Document Being Saved By xctest 3) */ = {
			isa = PBXGroup;
			children = (
			);
			path = "(A Document Being Saved By xctest 3)";
			sourceTree = "<group>";
		};
		E41EE5A92432FB9300B6F228 /* (A Document Being Saved By xctest 4) */ = {
			isa = PBXGroup;
			children = (
			);
			path = "(A Document Being Saved By xctest 4)";
			sourceTree = "<group>";
		};
		E41EE5AA2432FB9300B6F228 /* (A Document Being Saved By xctest) */ = {
			isa = PBXGroup;
			children = (
			);
			path = "(A Document Being Saved By xctest)";
			sourceTree = "<group>";
		};
		E41EE5AD2432FB9300B6F228 /* (A Document Being Saved By xctest 2) */ = {
			isa = PBXGroup;
			children = (
			);
			path = "(A Document Being Saved By xctest 2)";
			sourceTree = "<group>";
		};
		E41EE5B02432FB9300B6F228 /* Orchestrator */ = {
			isa = PBXGroup;
			children = (
				E41EE5B12432FB9300B6F228 /* DummyOrchestrator.swift */,
			);
			path = Orchestrator;
			sourceTree = "<group>";
		};
		E42C76EA23E8E8DB0003F638 /* Orchestrator */ = {
			isa = PBXGroup;
			children = (
				E42C76EB23E8E8F00003F638 /* DummyOrchestrator.swift */,
			);
			path = Orchestrator;
			sourceTree = "<group>";
		};
		E4371719242AFA4500FAABB0 /* Image */ = {
			isa = PBXGroup;
			children = (
				E458F0E12425BB4F005A6A54 /* ImageDatasets.swift */,
			);
			path = Image;
			sourceTree = "<group>";
		};
		E437171A242AFA4D00FAABB0 /* Text */ = {
			isa = PBXGroup;
			children = (
				E4371716242969F800FAABB0 /* TextDatasets.swift */,
			);
			path = Text;
			sourceTree = "<group>";
		};
		E458F0E62425BC1A005A6A54 /* DatasetLoaders */ = {
			isa = PBXGroup;
			children = (
				E437171A242AFA4D00FAABB0 /* Text */,
				E4371719242AFA4500FAABB0 /* Image */,
			);
			path = DatasetLoaders;
			sourceTree = "<group>";
		};
		E468506C23E543BD00D3D689 /* CommunicationManager */ = {
			isa = PBXGroup;
			children = (
				E468506D23E5440500D3D689 /* DummyCoreMLClient.swift */,
				E4C8CA0C241784D400F3BAD7 /* DummyDMLJob.swift */,
			);
			path = CommunicationManager;
			sourceTree = "<group>";
		};
		E49BDD4823D6889D00A954FE /* TestingArtifacts */ = {
			isa = PBXGroup;
			children = (
				E49BDD5223D689A400A954FE /* TestingUtils.swift */,
				E41B26D523EA36510095C1CD /* WeightsProcessor */,
				E42C76EA23E8E8DB0003F638 /* Orchestrator */,
				E468506C23E543BD00D3D689 /* CommunicationManager */,
				E41D7C0B23E37E8300D58478 /* CoreMLClient */,
			);
			path = TestingArtifacts;
			sourceTree = "<group>";
		};
		E4AF70E323D905B400D65376 /* Frameworks */ = {
			isa = PBXGroup;
			children = (
				E463E717244FA6E000FB2D6C /* Pods_DiscreetAI.framework */,
				E4338CBA244D21DC00DC9AE6 /* Pods_DiscreetAIDemoApp.framework */,
				E48D5F27244931CE00F15817 /* Pods_DiscreetAI.framework */,
				E48D5F1E24492FD200F15817 /* Realm.framework */,
				E48D5F2024492FD200F15817 /* RealmSwift.framework */,
				E48D5F2224492FD200F15817 /* Starscream.framework */,
				E48D5F2424492FD200F15817 /* Surge.framework */,
				E4155EA323F62C2700D5074D /* Pods_SceneDetector.framework */,
				10D68C76B950E2928E68CE5D /* Pods_DiscreetAI.framework */,
				BEA8A161BB32629794F091A8 /* Pods_DiscreetAI_IntegrationTests.framework */,
				4E91C23BDA6D0821EA9B42F2 /* Pods_DiscreetAI_UnitTests.framework */,
			);
			name = Frameworks;
			sourceTree = "<group>";
		};
		E4C8CA02240F0DAD00F3BAD7 /* Text */ = {
			isa = PBXGroup;
			children = (
				E41D7BE623E12BBB00D58478 /* MLMultiArrayUtils.swift */,
				E41D7BED23E13C5500D58478 /* TextBatchProvider.swift */,
				E41D7C0323E2489D00D58478 /* TextFeatureProvider.swift */,
				E4301B442405F79B00ED9CA4 /* Encoder.swift */,
			);
			path = Text;
			sourceTree = "<group>";
		};
		E4C8CA03240F0DD400F3BAD7 /* Image */ = {
			isa = PBXGroup;
			children = (
				E4C8CA00240F0D6D00F3BAD7 /* ImageBatchProvider.swift */,
				E4C8CA04240F0DF800F3BAD7 /* ImageFeatureProvider.swift */,
			);
			path = Image;
			sourceTree = "<group>";
		};
		E4C8CA06240F0E9100F3BAD7 /* Image */ = {
			isa = PBXGroup;
			children = (
				E4C8CA0A240F0EF100F3BAD7 /* ImageEntry.swift */,
			);
			path = Image;
			sourceTree = "<group>";
		};
		E4C8CA07240F0E9D00F3BAD7 /* Text */ = {
			isa = PBXGroup;
			children = (
				E4C8CA08240F0EC200F3BAD7 /* TextEntry.swift */,
			);
			path = Text;
			sourceTree = "<group>";
		};
/* End PBXGroup section */

/* Begin PBXHeadersBuildPhase section */
		E40978F623A0A39F00F51C42 /* Headers */ = {
			isa = PBXHeadersBuildPhase;
			buildActionMask = 2147483647;
			files = (
				E409790C23A0A3A000F51C42 /* DiscreetAI.h in Headers */,
			);
			runOnlyForDeploymentPostprocessing = 0;
		};
/* End PBXHeadersBuildPhase section */

/* Begin PBXNativeTarget section */
		E40978FA23A0A39F00F51C42 /* DiscreetAI */ = {
			isa = PBXNativeTarget;
			buildConfigurationList = E409790F23A0A3A000F51C42 /* Build configuration list for PBXNativeTarget "DiscreetAI" */;
			buildPhases = (
				3AAD8598CFC5FC0D42CE7A11 /* [CP] Check Pods Manifest.lock */,
				E40978F623A0A39F00F51C42 /* Headers */,
				E40978F723A0A39F00F51C42 /* Sources */,
				E40978F823A0A39F00F51C42 /* Frameworks */,
				E40978F923A0A39F00F51C42 /* Resources */,
			);
			buildRules = (
			);
			dependencies = (
			);
			name = DiscreetAI;
			productName = "Discreet-DML";
			productReference = E40978FB23A0A39F00F51C42 /* DiscreetAI.framework */;
			productType = "com.apple.product-type.framework";
		};
		E409790323A0A3A000F51C42 /* DiscreetAI-UnitTests */ = {
			isa = PBXNativeTarget;
			buildConfigurationList = E409791223A0A3A000F51C42 /* Build configuration list for PBXNativeTarget "DiscreetAI-UnitTests" */;
			buildPhases = (
				906A23570C71399661CC0B6E /* [CP] Check Pods Manifest.lock */,
				E409790023A0A3A000F51C42 /* Sources */,
				E409790123A0A3A000F51C42 /* Frameworks */,
				E409790223A0A3A000F51C42 /* Resources */,
				96676ABF73E66AF61616EB57 /* [CP] Embed Pods Frameworks */,
			);
			buildRules = (
			);
			dependencies = (
				E409790723A0A3A000F51C42 /* PBXTargetDependency */,
			);
			name = "DiscreetAI-UnitTests";
			productName = "Discreet-DMLTests";
			productReference = E409790423A0A3A000F51C42 /* DiscreetAI-UnitTests.xctest */;
			productType = "com.apple.product-type.bundle.unit-test";
		};
		E41EE58D2432FB3F00B6F228 /* DiscreetAI-IntegrationTests */ = {
			isa = PBXNativeTarget;
			buildConfigurationList = E41EE5982432FB3F00B6F228 /* Build configuration list for PBXNativeTarget "DiscreetAI-IntegrationTests" */;
			buildPhases = (
				38E72C42CAF754097D74302F /* [CP] Check Pods Manifest.lock */,
				E41EE58A2432FB3F00B6F228 /* Sources */,
				E41EE58B2432FB3F00B6F228 /* Frameworks */,
				E41EE58C2432FB3F00B6F228 /* Resources */,
				EDC143D91042A2679AD66588 /* [CP] Embed Pods Frameworks */,
			);
			buildRules = (
			);
			dependencies = (
				E41EE5952432FB3F00B6F228 /* PBXTargetDependency */,
			);
			name = "DiscreetAI-IntegrationTests";
			productName = "DiscreetAI-IntegrationTests";
			productReference = E41EE58E2432FB3F00B6F228 /* DiscreetAI-IntegrationTests.xctest */;
			productType = "com.apple.product-type.bundle.unit-test";
		};
/* End PBXNativeTarget section */

/* Begin PBXProject section */
		E40978F223A0A39F00F51C42 /* Project object */ = {
			isa = PBXProject;
			attributes = {
				LastSwiftUpdateCheck = 1130;
				LastUpgradeCheck = 1120;
				ORGANIZATIONNAME = DiscreetAI;
				TargetAttributes = {
					E40978FA23A0A39F00F51C42 = {
						CreatedOnToolsVersion = 11.2.1;
						LastSwiftMigration = 1130;
					};
					E409790323A0A3A000F51C42 = {
						CreatedOnToolsVersion = 11.2.1;
					};
					E41EE58D2432FB3F00B6F228 = {
						CreatedOnToolsVersion = 11.3;
					};
				};
			};
			buildConfigurationList = E40978F523A0A39F00F51C42 /* Build configuration list for PBXProject "DiscreetAI" */;
			compatibilityVersion = "Xcode 9.3";
			developmentRegion = en;
			hasScannedForEncodings = 0;
			knownRegions = (
				en,
				Base,
			);
			mainGroup = E40978F123A0A39F00F51C42;
			productRefGroup = E40978FC23A0A39F00F51C42 /* Products */;
			projectDirPath = "";
			projectRoot = "";
			targets = (
				E40978FA23A0A39F00F51C42 /* DiscreetAI */,
				E409790323A0A3A000F51C42 /* DiscreetAI-UnitTests */,
				E41EE58D2432FB3F00B6F228 /* DiscreetAI-IntegrationTests */,
			);
		};
/* End PBXProject section */

/* Begin PBXResourcesBuildPhase section */
		E40978F923A0A39F00F51C42 /* Resources */ = {
			isa = PBXResourcesBuildPhase;
			buildActionMask = 2147483647;
			files = (
				E43ECF8B244FCBA3009152F5 /* Datasets in Resources */,
			);
			runOnlyForDeploymentPostprocessing = 0;
		};
		E409790223A0A3A000F51C42 /* Resources */ = {
			isa = PBXResourcesBuildPhase;
			buildActionMask = 2147483647;
			files = (
				E41B26DB23EA367A0095C1CD /* new_complex_weights in Resources */,
				E41B26DD23EA367A0095C1CD /* old_complex_weights in Resources */,
				E41B26DA23EA367A0095C1CD /* old_simple_weights in Resources */,
				E41B26DC23EA367A0095C1CD /* new_simple_weights in Resources */,
			);
			runOnlyForDeploymentPostprocessing = 0;
		};
		E41EE58C2432FB3F00B6F228 /* Resources */ = {
			isa = PBXResourcesBuildPhase;
			buildActionMask = 2147483647;
			files = (
				E41EE5B22432FB9300B6F228 /* new_complex_weights in Resources */,
				E41EE5B42432FB9300B6F228 /* old_simple_weights in Resources */,
				E41EE5B32432FB9300B6F228 /* new_simple_weights in Resources */,
				E41EE5BD2432FB9300B6F228 /* data.json in Resources */,
				E41EE5B52432FB9300B6F228 /* old_complex_weights in Resources */,
			);
			runOnlyForDeploymentPostprocessing = 0;
		};
/* End PBXResourcesBuildPhase section */

/* Begin PBXShellScriptBuildPhase section */
		38E72C42CAF754097D74302F /* [CP] Check Pods Manifest.lock */ = {
			isa = PBXShellScriptBuildPhase;
			buildActionMask = 2147483647;
			files = (
			);
			inputFileListPaths = (
			);
			inputPaths = (
				"${PODS_PODFILE_DIR_PATH}/Podfile.lock",
				"${PODS_ROOT}/Manifest.lock",
			);
			name = "[CP] Check Pods Manifest.lock";
			outputFileListPaths = (
			);
			outputPaths = (
				"$(DERIVED_FILE_DIR)/Pods-DiscreetAI-IntegrationTests-checkManifestLockResult.txt",
			);
			runOnlyForDeploymentPostprocessing = 0;
			shellPath = /bin/sh;
			shellScript = "diff \"${PODS_PODFILE_DIR_PATH}/Podfile.lock\" \"${PODS_ROOT}/Manifest.lock\" > /dev/null\nif [ $? != 0 ] ; then\n    # print error to STDERR\n    echo \"error: The sandbox is not in sync with the Podfile.lock. Run 'pod install' or update your CocoaPods installation.\" >&2\n    exit 1\nfi\n# This output is used by Xcode 'outputs' to avoid re-running this script phase.\necho \"SUCCESS\" > \"${SCRIPT_OUTPUT_FILE_0}\"\n";
			showEnvVarsInLog = 0;
		};
		3AAD8598CFC5FC0D42CE7A11 /* [CP] Check Pods Manifest.lock */ = {
			isa = PBXShellScriptBuildPhase;
			buildActionMask = 2147483647;
			files = (
			);
			inputFileListPaths = (
			);
			inputPaths = (
				"${PODS_PODFILE_DIR_PATH}/Podfile.lock",
				"${PODS_ROOT}/Manifest.lock",
			);
			name = "[CP] Check Pods Manifest.lock";
			outputFileListPaths = (
			);
			outputPaths = (
				"$(DERIVED_FILE_DIR)/Pods-DiscreetAI-checkManifestLockResult.txt",
			);
			runOnlyForDeploymentPostprocessing = 0;
			shellPath = /bin/sh;
			shellScript = "diff \"${PODS_PODFILE_DIR_PATH}/Podfile.lock\" \"${PODS_ROOT}/Manifest.lock\" > /dev/null\nif [ $? != 0 ] ; then\n    # print error to STDERR\n    echo \"error: The sandbox is not in sync with the Podfile.lock. Run 'pod install' or update your CocoaPods installation.\" >&2\n    exit 1\nfi\n# This output is used by Xcode 'outputs' to avoid re-running this script phase.\necho \"SUCCESS\" > \"${SCRIPT_OUTPUT_FILE_0}\"\n";
			showEnvVarsInLog = 0;
		};
		906A23570C71399661CC0B6E /* [CP] Check Pods Manifest.lock */ = {
			isa = PBXShellScriptBuildPhase;
			buildActionMask = 2147483647;
			files = (
			);
			inputFileListPaths = (
			);
			inputPaths = (
				"${PODS_PODFILE_DIR_PATH}/Podfile.lock",
				"${PODS_ROOT}/Manifest.lock",
			);
			name = "[CP] Check Pods Manifest.lock";
			outputFileListPaths = (
			);
			outputPaths = (
				"$(DERIVED_FILE_DIR)/Pods-DiscreetAI-UnitTests-checkManifestLockResult.txt",
			);
			runOnlyForDeploymentPostprocessing = 0;
			shellPath = /bin/sh;
			shellScript = "diff \"${PODS_PODFILE_DIR_PATH}/Podfile.lock\" \"${PODS_ROOT}/Manifest.lock\" > /dev/null\nif [ $? != 0 ] ; then\n    # print error to STDERR\n    echo \"error: The sandbox is not in sync with the Podfile.lock. Run 'pod install' or update your CocoaPods installation.\" >&2\n    exit 1\nfi\n# This output is used by Xcode 'outputs' to avoid re-running this script phase.\necho \"SUCCESS\" > \"${SCRIPT_OUTPUT_FILE_0}\"\n";
			showEnvVarsInLog = 0;
		};
		96676ABF73E66AF61616EB57 /* [CP] Embed Pods Frameworks */ = {
			isa = PBXShellScriptBuildPhase;
			buildActionMask = 2147483647;
			files = (
			);
			inputFileListPaths = (
				"${PODS_ROOT}/Target Support Files/Pods-DiscreetAI-UnitTests/Pods-DiscreetAI-UnitTests-frameworks-${CONFIGURATION}-input-files.xcfilelist",
			);
			name = "[CP] Embed Pods Frameworks";
			outputFileListPaths = (
				"${PODS_ROOT}/Target Support Files/Pods-DiscreetAI-UnitTests/Pods-DiscreetAI-UnitTests-frameworks-${CONFIGURATION}-output-files.xcfilelist",
			);
			runOnlyForDeploymentPostprocessing = 0;
			shellPath = /bin/sh;
			shellScript = "\"${PODS_ROOT}/Target Support Files/Pods-DiscreetAI-UnitTests/Pods-DiscreetAI-UnitTests-frameworks.sh\"\n";
			showEnvVarsInLog = 0;
		};
		EDC143D91042A2679AD66588 /* [CP] Embed Pods Frameworks */ = {
			isa = PBXShellScriptBuildPhase;
			buildActionMask = 2147483647;
			files = (
			);
			inputFileListPaths = (
				"${PODS_ROOT}/Target Support Files/Pods-DiscreetAI-IntegrationTests/Pods-DiscreetAI-IntegrationTests-frameworks-${CONFIGURATION}-input-files.xcfilelist",
			);
			name = "[CP] Embed Pods Frameworks";
			outputFileListPaths = (
				"${PODS_ROOT}/Target Support Files/Pods-DiscreetAI-IntegrationTests/Pods-DiscreetAI-IntegrationTests-frameworks-${CONFIGURATION}-output-files.xcfilelist",
			);
			runOnlyForDeploymentPostprocessing = 0;
			shellPath = /bin/sh;
			shellScript = "\"${PODS_ROOT}/Target Support Files/Pods-DiscreetAI-IntegrationTests/Pods-DiscreetAI-IntegrationTests-frameworks.sh\"\n";
			showEnvVarsInLog = 0;
		};
/* End PBXShellScriptBuildPhase section */

/* Begin PBXSourcesBuildPhase section */
		E40978F723A0A39F00F51C42 /* Sources */ = {
			isa = PBXSourcesBuildPhase;
			buildActionMask = 2147483647;
			files = (
				E468507223E5498C00D3D689 /* CoreMLUtils.swift in Sources */,
				E458F0E22425BB4F005A6A54 /* ImageDatasets.swift in Sources */,
				E41D7C0823E26EE200D58478 /* MetadataEntry.swift in Sources */,
				E4371717242969F800FAABB0 /* TextDatasets.swift in Sources */,
				E4D72E2323DF8D4F00BE3B75 /* CoreMLClient.swift in Sources */,
				E4BA35ED23AB100000F81825 /* WeightsProcessor.swift in Sources */,
				E41D7BE523E12B6E00D58478 /* ModelLoader.swift in Sources */,
				E41D7C0423E2489D00D58478 /* TextFeatureProvider.swift in Sources */,
				E4BA35F123AB187000F81825 /* BinaryUtils.swift in Sources */,
				E4C8CA01240F0D6D00F3BAD7 /* ImageBatchProvider.swift in Sources */,
				E4058A7323D6A0FD00F8C03D /* MPSHandler.swift in Sources */,
				E4301B452405F79B00ED9CA4 /* Encoder.swift in Sources */,
				E4D72E3F23DFA7CE00BE3B75 /* RealmClient.swift in Sources */,
				E41D7BD923E0E34300D58478 /* DataEntry.swift in Sources */,
				E41D7BE723E12BBB00D58478 /* MLMultiArrayUtils.swift in Sources */,
				E4C8CA0B240F0EF100F3BAD7 /* ImageEntry.swift in Sources */,
				E44F577223D3027500FE0619 /* Utils.swift in Sources */,
				E4C8CA05240F0DF800F3BAD7 /* ImageFeatureProvider.swift in Sources */,
				E42C76EE23E8F73E0003F638 /* Errors.swift in Sources */,
				E42C76E723E8DC2A0003F638 /* Orchestrator.swift in Sources */,
				E4D72E2123DF8C8900BE3B75 /* DMLJob.swift in Sources */,
				E41D7BEE23E13C5500D58478 /* TextBatchProvider.swift in Sources */,
				E4016FBE246E74B30093AC18 /* CommunicationManager.swift in Sources */,
				E4C8CA09240F0EC200F3BAD7 /* TextEntry.swift in Sources */,
			);
			runOnlyForDeploymentPostprocessing = 0;
		};
		E409790023A0A3A000F51C42 /* Sources */ = {
			isa = PBXSourcesBuildPhase;
			buildActionMask = 2147483647;
			files = (
				E4301B472406009000ED9CA4 /* EncoderTests.swift in Sources */,
				E4D72E4323DFA7ED00BE3B75 /* RealmClientTests.swift in Sources */,
				E468506923E5428200D3D689 /* DummyWeightsProcessor.swift in Sources */,
				E49BDD5323D689A400A954FE /* TestingUtils.swift in Sources */,
				E45288FE23E383A9003F422A /* CoreMLClientTests.swift in Sources */,
				E468506723E5424300D3D689 /* DummyCommunicationManager.swift in Sources */,
				E4C8CA0D241784D400F3BAD7 /* DummyDMLJob.swift in Sources */,
				E4ABEE4D24071C5400D5199E /* TextUtils.swift in Sources */,
				E42C76E923E8DCD20003F638 /* OrchestratorTests.swift in Sources */,
				E468506523E5415100D3D689 /* DummyRealmClient.swift in Sources */,
				E41D7C0A23E2871900D58478 /* ModelLoaderTests.swift in Sources */,
				E468506B23E542B600D3D689 /* DummyModelLoader.swift in Sources */,
				E468506E23E5440500D3D689 /* DummyCoreMLClient.swift in Sources */,
				E4D72E3823DF9E7800BE3B75 /* CommunicationManagerTests.swift in Sources */,
				E40F614323CFEAA7009639CF /* WeightsProcessorTests.swift in Sources */,
				E42C76EC23E8E8F00003F638 /* DummyOrchestrator.swift in Sources */,
			);
			runOnlyForDeploymentPostprocessing = 0;
		};
		E41EE58A2432FB3F00B6F228 /* Sources */ = {
			isa = PBXSourcesBuildPhase;
			buildActionMask = 2147483647;
			files = (
				E41EE5B82432FB9300B6F228 /* TestingUtils.swift in Sources */,
				E41EE5BA2432FB9300B6F228 /* DummyWeightsProcessor.swift in Sources */,
				E41EE5C32432FBC200B6F228 /* IntegrationTests.swift in Sources */,
				E41EE5B72432FB9300B6F228 /* DummyCoreMLClient.swift in Sources */,
				E41EE5BE2432FB9300B6F228 /* DummyModelLoader.swift in Sources */,
				E41EE5BF2432FB9300B6F228 /* DummyCommunicationManager.swift in Sources */,
				E41EE5B62432FB9300B6F228 /* DummyDMLJob.swift in Sources */,
				E41EE5BC2432FB9300B6F228 /* DummyRealmClient.swift in Sources */,
				E41EE5B92432FB9300B6F228 /* TextUtils.swift in Sources */,
				E41EE5C12432FB9300B6F228 /* DummyOrchestrator.swift in Sources */,
			);
			runOnlyForDeploymentPostprocessing = 0;
		};
/* End PBXSourcesBuildPhase section */

/* Begin PBXTargetDependency section */
		E409790723A0A3A000F51C42 /* PBXTargetDependency */ = {
			isa = PBXTargetDependency;
			target = E40978FA23A0A39F00F51C42 /* DiscreetAI */;
			targetProxy = E409790623A0A3A000F51C42 /* PBXContainerItemProxy */;
		};
		E41EE5952432FB3F00B6F228 /* PBXTargetDependency */ = {
			isa = PBXTargetDependency;
			target = E40978FA23A0A39F00F51C42 /* DiscreetAI */;
			targetProxy = E41EE5942432FB3F00B6F228 /* PBXContainerItemProxy */;
		};
/* End PBXTargetDependency section */

/* Begin XCBuildConfiguration section */
		E409790D23A0A3A000F51C42 /* Debug */ = {
			isa = XCBuildConfiguration;
			buildSettings = {
				ALWAYS_SEARCH_USER_PATHS = NO;
				CLANG_ANALYZER_NONNULL = YES;
				CLANG_ANALYZER_NUMBER_OBJECT_CONVERSION = YES_AGGRESSIVE;
				CLANG_CXX_LANGUAGE_STANDARD = "gnu++14";
				CLANG_CXX_LIBRARY = "libc++";
				CLANG_ENABLE_MODULES = YES;
				CLANG_ENABLE_OBJC_ARC = YES;
				CLANG_ENABLE_OBJC_WEAK = YES;
				CLANG_WARN_BLOCK_CAPTURE_AUTORELEASING = YES;
				CLANG_WARN_BOOL_CONVERSION = YES;
				CLANG_WARN_COMMA = YES;
				CLANG_WARN_CONSTANT_CONVERSION = YES;
				CLANG_WARN_DEPRECATED_OBJC_IMPLEMENTATIONS = YES;
				CLANG_WARN_DIRECT_OBJC_ISA_USAGE = YES_ERROR;
				CLANG_WARN_DOCUMENTATION_COMMENTS = YES;
				CLANG_WARN_EMPTY_BODY = YES;
				CLANG_WARN_ENUM_CONVERSION = YES;
				CLANG_WARN_INFINITE_RECURSION = YES;
				CLANG_WARN_INT_CONVERSION = YES;
				CLANG_WARN_NON_LITERAL_NULL_CONVERSION = YES;
				CLANG_WARN_OBJC_IMPLICIT_RETAIN_SELF = YES;
				CLANG_WARN_OBJC_LITERAL_CONVERSION = YES;
				CLANG_WARN_OBJC_ROOT_CLASS = YES_ERROR;
				CLANG_WARN_RANGE_LOOP_ANALYSIS = YES;
				CLANG_WARN_STRICT_PROTOTYPES = YES;
				CLANG_WARN_SUSPICIOUS_MOVE = YES;
				CLANG_WARN_UNGUARDED_AVAILABILITY = YES_AGGRESSIVE;
				CLANG_WARN_UNREACHABLE_CODE = YES;
				CLANG_WARN__DUPLICATE_METHOD_MATCH = YES;
				COPY_PHASE_STRIP = NO;
				CURRENT_PROJECT_VERSION = 1;
				DEBUG_INFORMATION_FORMAT = "dwarf-with-dsym";
				ENABLE_STRICT_OBJC_MSGSEND = YES;
				ENABLE_TESTABILITY = YES;
				GCC_C_LANGUAGE_STANDARD = gnu11;
				GCC_DYNAMIC_NO_PIC = NO;
				GCC_NO_COMMON_BLOCKS = YES;
				GCC_OPTIMIZATION_LEVEL = z;
				GCC_PREPROCESSOR_DEFINITIONS = (
					"DEBUG=1",
					"$(inherited)",
				);
				GCC_WARN_64_TO_32_BIT_CONVERSION = YES;
				GCC_WARN_ABOUT_RETURN_TYPE = YES_ERROR;
				GCC_WARN_UNDECLARED_SELECTOR = YES;
				GCC_WARN_UNINITIALIZED_AUTOS = YES_AGGRESSIVE;
				GCC_WARN_UNUSED_FUNCTION = YES;
				GCC_WARN_UNUSED_VARIABLE = YES;
				IPHONEOS_DEPLOYMENT_TARGET = 13.4;
				MTL_ENABLE_DEBUG_INFO = INCLUDE_SOURCE;
				MTL_FAST_MATH = YES;
				NEW_SETTING = "";
				ONLY_ACTIVE_ARCH = YES;
				SDKROOT = iphoneos;
				SWIFT_ACTIVE_COMPILATION_CONDITIONS = "";
				SWIFT_OPTIMIZATION_LEVEL = "-Onone";
				VALIDATE_PRODUCT = YES;
				VERSIONING_SYSTEM = "apple-generic";
				VERSION_INFO_PREFIX = "";
			};
			name = Debug;
		};
		E409790E23A0A3A000F51C42 /* Release */ = {
			isa = XCBuildConfiguration;
			buildSettings = {
				ALWAYS_SEARCH_USER_PATHS = NO;
				CLANG_ANALYZER_NONNULL = YES;
				CLANG_ANALYZER_NUMBER_OBJECT_CONVERSION = YES_AGGRESSIVE;
				CLANG_CXX_LANGUAGE_STANDARD = "gnu++14";
				CLANG_CXX_LIBRARY = "libc++";
				CLANG_ENABLE_MODULES = YES;
				CLANG_ENABLE_OBJC_ARC = YES;
				CLANG_ENABLE_OBJC_WEAK = YES;
				CLANG_WARN_BLOCK_CAPTURE_AUTORELEASING = YES;
				CLANG_WARN_BOOL_CONVERSION = YES;
				CLANG_WARN_COMMA = YES;
				CLANG_WARN_CONSTANT_CONVERSION = YES;
				CLANG_WARN_DEPRECATED_OBJC_IMPLEMENTATIONS = YES;
				CLANG_WARN_DIRECT_OBJC_ISA_USAGE = YES_ERROR;
				CLANG_WARN_DOCUMENTATION_COMMENTS = YES;
				CLANG_WARN_EMPTY_BODY = YES;
				CLANG_WARN_ENUM_CONVERSION = YES;
				CLANG_WARN_INFINITE_RECURSION = YES;
				CLANG_WARN_INT_CONVERSION = YES;
				CLANG_WARN_NON_LITERAL_NULL_CONVERSION = YES;
				CLANG_WARN_OBJC_IMPLICIT_RETAIN_SELF = YES;
				CLANG_WARN_OBJC_LITERAL_CONVERSION = YES;
				CLANG_WARN_OBJC_ROOT_CLASS = YES_ERROR;
				CLANG_WARN_RANGE_LOOP_ANALYSIS = YES;
				CLANG_WARN_STRICT_PROTOTYPES = YES;
				CLANG_WARN_SUSPICIOUS_MOVE = YES;
				CLANG_WARN_UNGUARDED_AVAILABILITY = YES_AGGRESSIVE;
				CLANG_WARN_UNREACHABLE_CODE = YES;
				CLANG_WARN__DUPLICATE_METHOD_MATCH = YES;
				COPY_PHASE_STRIP = NO;
				CURRENT_PROJECT_VERSION = 1;
				DEBUG_INFORMATION_FORMAT = "dwarf-with-dsym";
				ENABLE_NS_ASSERTIONS = NO;
				ENABLE_STRICT_OBJC_MSGSEND = YES;
				ENABLE_TESTABILITY = YES;
				GCC_C_LANGUAGE_STANDARD = gnu11;
				GCC_NO_COMMON_BLOCKS = YES;
				GCC_OPTIMIZATION_LEVEL = z;
				GCC_PREPROCESSOR_DEFINITIONS = "DEBUG=1";
				GCC_WARN_64_TO_32_BIT_CONVERSION = YES;
				GCC_WARN_ABOUT_RETURN_TYPE = YES_ERROR;
				GCC_WARN_UNDECLARED_SELECTOR = YES;
				GCC_WARN_UNINITIALIZED_AUTOS = YES_AGGRESSIVE;
				GCC_WARN_UNUSED_FUNCTION = YES;
				GCC_WARN_UNUSED_VARIABLE = YES;
				IPHONEOS_DEPLOYMENT_TARGET = 13.4;
				MTL_ENABLE_DEBUG_INFO = INCLUDE_SOURCE;
				MTL_FAST_MATH = YES;
				NEW_SETTING = "";
				ONLY_ACTIVE_ARCH = YES;
				SDKROOT = iphoneos;
				SWIFT_ACTIVE_COMPILATION_CONDITIONS = "";
				SWIFT_COMPILATION_MODE = wholemodule;
				SWIFT_OPTIMIZATION_LEVEL = "-O";
				VALIDATE_PRODUCT = YES;
				VERSIONING_SYSTEM = "apple-generic";
				VERSION_INFO_PREFIX = "";
			};
			name = Release;
		};
		E409791023A0A3A000F51C42 /* Debug */ = {
			isa = XCBuildConfiguration;
			baseConfigurationReference = 9DE492C19D2C0FF320C38F51 /* Pods-DiscreetAI.debug.xcconfig */;
			buildSettings = {
				CLANG_ENABLE_MODULES = YES;
				CODE_SIGN_STYLE = Automatic;
				DEFINES_MODULE = YES;
				DEVELOPMENT_TEAM = 2BQCV4KLL7;
				DYLIB_COMPATIBILITY_VERSION = 1;
				DYLIB_CURRENT_VERSION = 1;
				DYLIB_INSTALL_NAME_BASE = "@rpath";
				INFOPLIST_FILE = DiscreetAI/Info.plist;
				INSTALL_PATH = "$(LOCAL_LIBRARY_DIR)/Frameworks";
				IPHONEOS_DEPLOYMENT_TARGET = 13.4;
				LD_RUNPATH_SEARCH_PATHS = (
					"$(inherited)",
					"@executable_path/Frameworks",
					"@loader_path/Frameworks",
				);
				PRODUCT_BUNDLE_IDENTIFIER = com.discreetai.library;
				PRODUCT_NAME = "$(TARGET_NAME:c99extidentifier)";
				SKIP_INSTALL = YES;
				SUPPORTS_MACCATALYST = NO;
				SWIFT_OPTIMIZATION_LEVEL = "-Onone";
				SWIFT_VERSION = 5.0;
				TARGETED_DEVICE_FAMILY = 1;
			};
			name = Debug;
		};
		E409791123A0A3A000F51C42 /* Release */ = {
			isa = XCBuildConfiguration;
			baseConfigurationReference = 4E7CC714F5641BB135A6AA7A /* Pods-DiscreetAI.release.xcconfig */;
			buildSettings = {
				CLANG_ENABLE_MODULES = YES;
				CODE_SIGN_STYLE = Automatic;
				DEFINES_MODULE = YES;
				DEVELOPMENT_TEAM = 2BQCV4KLL7;
				DYLIB_COMPATIBILITY_VERSION = 1;
				DYLIB_CURRENT_VERSION = 1;
				DYLIB_INSTALL_NAME_BASE = "@rpath";
				INFOPLIST_FILE = DiscreetAI/Info.plist;
				INSTALL_PATH = "$(LOCAL_LIBRARY_DIR)/Frameworks";
				IPHONEOS_DEPLOYMENT_TARGET = 13.4;
				LD_RUNPATH_SEARCH_PATHS = (
					"$(inherited)",
					"@executable_path/Frameworks",
					"@loader_path/Frameworks",
				);
				PRODUCT_BUNDLE_IDENTIFIER = com.discreetai.library;
				PRODUCT_NAME = "$(TARGET_NAME:c99extidentifier)";
				SKIP_INSTALL = YES;
				SUPPORTS_MACCATALYST = NO;
				SWIFT_VERSION = 5.0;
				TARGETED_DEVICE_FAMILY = 1;
			};
			name = Release;
		};
		E409791323A0A3A000F51C42 /* Debug */ = {
			isa = XCBuildConfiguration;
			baseConfigurationReference = B6CB3ED8DADAD5217AE9F501 /* Pods-DiscreetAI-UnitTests.debug.xcconfig */;
			buildSettings = {
				ALWAYS_EMBED_SWIFT_STANDARD_LIBRARIES = YES;
				CODE_SIGN_IDENTITY = "Apple Development";
				"CODE_SIGN_IDENTITY[sdk=macosx*]" = "Apple Development";
				CODE_SIGN_STYLE = Automatic;
				DEVELOPMENT_TEAM = 2BQCV4KLL7;
				INFOPLIST_FILE = "DiscreetAI-UnitTests/Info.plist";
				IPHONEOS_DEPLOYMENT_TARGET = 13.4;
				LD_RUNPATH_SEARCH_PATHS = (
					"$(inherited)",
					"@executable_path/Frameworks",
					"@loader_path/Frameworks",
				);
				PRODUCT_BUNDLE_IDENTIFIER = "com.discreetai.library.unit-tests";
				PRODUCT_NAME = "$(TARGET_NAME)";
				PROVISIONING_PROFILE_SPECIFIER = "";
				"PROVISIONING_PROFILE_SPECIFIER[sdk=macosx*]" = "";
				SWIFT_VERSION = 5.0;
				TARGETED_DEVICE_FAMILY = 1;
			};
			name = Debug;
		};
		E409791423A0A3A000F51C42 /* Release */ = {
			isa = XCBuildConfiguration;
			baseConfigurationReference = D1A5A7D2285EE1F74D26B742 /* Pods-DiscreetAI-UnitTests.release.xcconfig */;
			buildSettings = {
				ALWAYS_EMBED_SWIFT_STANDARD_LIBRARIES = YES;
				CODE_SIGN_IDENTITY = "Apple Development";
				"CODE_SIGN_IDENTITY[sdk=macosx*]" = "Apple Development";
				CODE_SIGN_STYLE = Automatic;
				DEVELOPMENT_TEAM = 2BQCV4KLL7;
				INFOPLIST_FILE = "DiscreetAI-UnitTests/Info.plist";
				IPHONEOS_DEPLOYMENT_TARGET = 13.4;
				LD_RUNPATH_SEARCH_PATHS = (
					"$(inherited)",
					"@executable_path/Frameworks",
					"@loader_path/Frameworks",
				);
				PRODUCT_BUNDLE_IDENTIFIER = "com.discreetai.library.unit-tests";
				PRODUCT_NAME = "$(TARGET_NAME)";
				PROVISIONING_PROFILE_SPECIFIER = "";
				"PROVISIONING_PROFILE_SPECIFIER[sdk=macosx*]" = "";
				SWIFT_VERSION = 5.0;
				TARGETED_DEVICE_FAMILY = 1;
			};
			name = Release;
		};
		E41EE5962432FB3F00B6F228 /* Debug */ = {
			isa = XCBuildConfiguration;
			baseConfigurationReference = 13D95FA03C090EFF88107A09 /* Pods-DiscreetAI-IntegrationTests.debug.xcconfig */;
			buildSettings = {
				CODE_SIGN_STYLE = Automatic;
				DEBUG_INFORMATION_FORMAT = dwarf;
				DEVELOPMENT_TEAM = 2BQCV4KLL7;
				GCC_OPTIMIZATION_LEVEL = 0;
				INFOPLIST_FILE = "DiscreetAI-IntegrationTests/Info.plist";
				LD_RUNPATH_SEARCH_PATHS = (
					"$(inherited)",
					"@executable_path/Frameworks",
					"@loader_path/Frameworks",
				);
				PRODUCT_BUNDLE_IDENTIFIER = "discreetai.DiscreetAI-IntegrationTests";
				PRODUCT_NAME = "$(TARGET_NAME)";
				SWIFT_ACTIVE_COMPILATION_CONDITIONS = DEBUG;
				SWIFT_VERSION = 5.0;
				TARGETED_DEVICE_FAMILY = 1;
			};
			name = Debug;
		};
		E41EE5972432FB3F00B6F228 /* Release */ = {
			isa = XCBuildConfiguration;
			baseConfigurationReference = 8CE950EFE84EAE5AE9C88069 /* Pods-DiscreetAI-IntegrationTests.release.xcconfig */;
			buildSettings = {
				CODE_SIGN_STYLE = Automatic;
				DEVELOPMENT_TEAM = 2BQCV4KLL7;
				INFOPLIST_FILE = "DiscreetAI-IntegrationTests/Info.plist";
				LD_RUNPATH_SEARCH_PATHS = (
					"$(inherited)",
					"@executable_path/Frameworks",
					"@loader_path/Frameworks",
				);
				MTL_ENABLE_DEBUG_INFO = NO;
				PRODUCT_BUNDLE_IDENTIFIER = "discreetai.DiscreetAI-IntegrationTests";
				PRODUCT_NAME = "$(TARGET_NAME)";
				SWIFT_VERSION = 5.0;
				TARGETED_DEVICE_FAMILY = 1;
			};
			name = Release;
		};
/* End XCBuildConfiguration section */

/* Begin XCConfigurationList section */
		E40978F523A0A39F00F51C42 /* Build configuration list for PBXProject "DiscreetAI" */ = {
			isa = XCConfigurationList;
			buildConfigurations = (
				E409790D23A0A3A000F51C42 /* Debug */,
				E409790E23A0A3A000F51C42 /* Release */,
			);
			defaultConfigurationIsVisible = 0;
			defaultConfigurationName = Release;
		};
		E409790F23A0A3A000F51C42 /* Build configuration list for PBXNativeTarget "DiscreetAI" */ = {
			isa = XCConfigurationList;
			buildConfigurations = (
				E409791023A0A3A000F51C42 /* Debug */,
				E409791123A0A3A000F51C42 /* Release */,
			);
			defaultConfigurationIsVisible = 0;
			defaultConfigurationName = Release;
		};
		E409791223A0A3A000F51C42 /* Build configuration list for PBXNativeTarget "DiscreetAI-UnitTests" */ = {
			isa = XCConfigurationList;
			buildConfigurations = (
				E409791323A0A3A000F51C42 /* Debug */,
				E409791423A0A3A000F51C42 /* Release */,
			);
			defaultConfigurationIsVisible = 0;
			defaultConfigurationName = Release;
		};
		E41EE5982432FB3F00B6F228 /* Build configuration list for PBXNativeTarget "DiscreetAI-IntegrationTests" */ = {
			isa = XCConfigurationList;
			buildConfigurations = (
				E41EE5962432FB3F00B6F228 /* Debug */,
				E41EE5972432FB3F00B6F228 /* Release */,
			);
			defaultConfigurationIsVisible = 0;
			defaultConfigurationName = Release;
		};
/* End XCConfigurationList section */
	};
	rootObject = E40978F223A0A39F00F51C42 /* Project object */;
}
